
Microsoft Visual Studio Solution File, Format Version 11.00
# Visual Studio 2010
Project("{8BC9CEB8-8B4A-11D0-8D11-00A0C91BC942}") = "Tools", "BaseClassLib\Tools\Tools.vcxproj", "{74299048-4F7F-4235-92E9-78F978B70F4C}"
EndProject
Project("{8BC9CEB8-8B4A-11D0-8D11-00A0C91BC942}") = "OsirisLib-v2.01", "OsirisLib2.01\OsirisLib.vcxproj", "{3071892C-0773-4CA4-A4A8-E88ADE8B8D9F}"
	ProjectSection(ProjectDependencies) = postProject
		{74299048-4F7F-4235-92E9-78F978B70F4C} = {74299048-4F7F-4235-92E9-78F978B70F4C}
	EndProjectSection
EndProject
Project("{8BC9CEB8-8B4A-11D0-8D11-00A0C91BC942}") = "TestAnalysisDirectoryLC", "TestAnalysisDirectoryLCv2.11\TestAnalysisDirectoryLC.vcxproj", "{FFDB5DC5-5261-4C62-9AA3-0FEE6546F102}"
EndProject
Project("{8BC9CEB8-8B4A-11D0-8D11-00A0C91BC942}") = "libxml2", "libxml2-2.7.7\libxml2.vcxproj", "{220DE7A6-15EF-4C3C-8793-2CE4929D4D85}"
	ProjectSection(ProjectDependencies) = postProject
		{32EA2A52-08A8-4F8E-BA2C-C1AFB11D7851} = {32EA2A52-08A8-4F8E-BA2C-C1AFB11D7851}
	EndProjectSection
EndProject
Project("{8BC9CEB8-8B4A-11D0-8D11-00A0C91BC942}") = "libiconv", "libiconv-1.13\libiconv-1.13.vcxproj", "{32EA2A52-08A8-4F8E-BA2C-C1AFB11D7851}"
EndProject
Project("{8BC9CEB8-8B4A-11D0-8D11-00A0C91BC942}") = "libxslt", "libxslt-1.1.26\libxslt\libxslt.vcxproj", "{B622D779-6FD4-4B0C-9F30-8FAB9F1914E3}"
	ProjectSection(ProjectDependencies) = postProject
		{8EC29920-6211-4E38-9064-4204BD242902} = {8EC29920-6211-4E38-9064-4204BD242902}
	EndProjectSection
EndProject
Project("{8BC9CEB8-8B4A-11D0-8D11-00A0C91BC942}") = "libexslt", "libxslt-1.1.26\libexslt\libexslt.vcxproj", "{8EC29920-6211-4E38-9064-4204BD242902}"
EndProject
Project("{8BC9CEB8-8B4A-11D0-8D11-00A0C91BC942}") = "xsltproc", "libxslt-1.1.26\xsltproc\xsltproc.vcxproj", "{F8D16FFB-F73D-41D0-91CE-C81283EF8417}"
	ProjectSection(ProjectDependencies) = postProject
		{32EA2A52-08A8-4F8E-BA2C-C1AFB11D7851} = {32EA2A52-08A8-4F8E-BA2C-C1AFB11D7851}
		{220DE7A6-15EF-4C3C-8793-2CE4929D4D85} = {220DE7A6-15EF-4C3C-8793-2CE4929D4D85}
	EndProjectSection
EndProject
Project("{8BC9CEB8-8B4A-11D0-8D11-00A0C91BC942}") = "nwx", "nwx\nwx.vcxproj", "{3625DB75-EA9E-4E83-A60B-533194328EB4}"
EndProject
Project("{8BC9CEB8-8B4A-11D0-8D11-00A0C91BC942}") = "wxXSL", "wxXsl\wxXSL.vcxproj", "{BA81638C-28A7-4DFB-93E6-74D8AF6C92B4}"
	ProjectSection(ProjectDependencies) = postProject
		{665CD200-CDE4-4118-A0A0-D73E3A884B5B} = {665CD200-CDE4-4118-A0A0-D73E3A884B5B}
		{8EC29920-6211-4E38-9064-4204BD242902} = {8EC29920-6211-4E38-9064-4204BD242902}
		{B622D779-6FD4-4B0C-9F30-8FAB9F1914E3} = {B622D779-6FD4-4B0C-9F30-8FAB9F1914E3}
	EndProjectSection
EndProject
Project("{8BC9CEB8-8B4A-11D0-8D11-00A0C91BC942}") = "OsirisAnalysis", "OsirisAnalysis\OsirisAnalysis.vcxproj", "{BB4E3CC3-10F8-4DB9-9CC6-CCDD45AB55D3}"
	ProjectSection(ProjectDependencies) = postProject
		{665CD200-CDE4-4118-A0A0-D73E3A884B5B} = {665CD200-CDE4-4118-A0A0-D73E3A884B5B}
		{FC517645-8ACB-4B62-8877-B7B84A34F202} = {FC517645-8ACB-4B62-8877-B7B84A34F202}
		{57F62151-A66D-44D6-A226-3837DA04E7D1} = {57F62151-A66D-44D6-A226-3837DA04E7D1}
		{3625DB75-EA9E-4E83-A60B-533194328EB4} = {3625DB75-EA9E-4E83-A60B-533194328EB4}
	EndProjectSection
EndProject
Project("{54435603-DBB4-11D2-8724-00A0C9A8B90C}") = "Setup", "Setup\Setup.vdproj", "{556A528A-2DD5-4BDC-ACC6-A89E88AB2FCD}"
	ProjectSection(ProjectDependencies) = postProject
		{DFEB3596-18FF-4B2F-99FB-6AF5DE843372} = {DFEB3596-18FF-4B2F-99FB-6AF5DE843372}
		{BB4E3CC3-10F8-4DB9-9CC6-CCDD45AB55D3} = {BB4E3CC3-10F8-4DB9-9CC6-CCDD45AB55D3}
		{FFDB5DC5-5261-4C62-9AA3-0FEE6546F102} = {FFDB5DC5-5261-4C62-9AA3-0FEE6546F102}
	EndProjectSection
EndProject
Project("{8BC9CEB8-8B4A-11D0-8D11-00A0C91BC942}") = "wxplotctrl_wxplotctrl", "wxplotctrl\build\wxplotctrl_wxplotctrl.vcxproj", "{FC517645-8ACB-4B62-8877-B7B84A34F202}"
EndProject
Project("{8BC9CEB8-8B4A-11D0-8D11-00A0C91BC942}") = "wxXml2", "wxXml2\wxXml2.vcxproj", "{665CD200-CDE4-4118-A0A0-D73E3A884B5B}"
	ProjectSection(ProjectDependencies) = postProject
		{220DE7A6-15EF-4C3C-8793-2CE4929D4D85} = {220DE7A6-15EF-4C3C-8793-2CE4929D4D85}
	EndProjectSection
EndProject
Project("{8BC9CEB8-8B4A-11D0-8D11-00A0C91BC942}") = "wxthings_wxthings", "wxthings\build\wxthings_wxthings.vcxproj", "{57F62151-A66D-44D6-A226-3837DA04E7D1}"
EndProject
Project("{8BC9CEB8-8B4A-11D0-8D11-00A0C91BC942}") = "fsa2xml", "fsa2xml\fsa2xml.vcxproj", "{DFEB3596-18FF-4B2F-99FB-6AF5DE843372}"
	ProjectSection(ProjectDependencies) = postProject
		{3071892C-0773-4CA4-A4A8-E88ADE8B8D9F} = {3071892C-0773-4CA4-A4A8-E88ADE8B8D9F}
		{74299048-4F7F-4235-92E9-78F978B70F4C} = {74299048-4F7F-4235-92E9-78F978B70F4C}
	EndProjectSection
EndProject
Global
	GlobalSection(SolutionConfigurationPlatforms) = preSolution
		Debug|Win32 = Debug|Win32
		Debug|x64 = Debug|x64
		Release|Win32 = Release|Win32
		Release|x64 = Release|x64
	EndGlobalSection
	GlobalSection(ProjectConfigurationPlatforms) = postSolution
		{74299048-4F7F-4235-92E9-78F978B70F4C}.Debug|Win32.ActiveCfg = Debug|Win32
		{74299048-4F7F-4235-92E9-78F978B70F4C}.Debug|Win32.Build.0 = Debug|Win32
		{74299048-4F7F-4235-92E9-78F978B70F4C}.Debug|x64.ActiveCfg = Debug|x64
		{74299048-4F7F-4235-92E9-78F978B70F4C}.Debug|x64.Build.0 = Debug|x64
		{74299048-4F7F-4235-92E9-78F978B70F4C}.Release|Win32.ActiveCfg = Release|Win32
		{74299048-4F7F-4235-92E9-78F978B70F4C}.Release|Win32.Build.0 = Release|Win32
		{74299048-4F7F-4235-92E9-78F978B70F4C}.Release|x64.ActiveCfg = Release|x64
		{74299048-4F7F-4235-92E9-78F978B70F4C}.Release|x64.Build.0 = Release|x64
		{3071892C-0773-4CA4-A4A8-E88ADE8B8D9F}.Debug|Win32.ActiveCfg = Debug|Win32
		{3071892C-0773-4CA4-A4A8-E88ADE8B8D9F}.Debug|Win32.Build.0 = Debug|Win32
		{3071892C-0773-4CA4-A4A8-E88ADE8B8D9F}.Debug|x64.ActiveCfg = Debug|x64
		{3071892C-0773-4CA4-A4A8-E88ADE8B8D9F}.Release|Win32.ActiveCfg = Release|Win32
		{3071892C-0773-4CA4-A4A8-E88ADE8B8D9F}.Release|Win32.Build.0 = Release|Win32
		{3071892C-0773-4CA4-A4A8-E88ADE8B8D9F}.Release|x64.ActiveCfg = Release|x64
		{FFDB5DC5-5261-4C62-9AA3-0FEE6546F102}.Debug|Win32.ActiveCfg = Debug|Win32
		{FFDB5DC5-5261-4C62-9AA3-0FEE6546F102}.Debug|Win32.Build.0 = Debug|Win32
		{FFDB5DC5-5261-4C62-9AA3-0FEE6546F102}.Debug|x64.ActiveCfg = Debug|x64
		{FFDB5DC5-5261-4C62-9AA3-0FEE6546F102}.Release|Win32.ActiveCfg = Release|Win32
		{FFDB5DC5-5261-4C62-9AA3-0FEE6546F102}.Release|Win32.Build.0 = Release|Win32
		{FFDB5DC5-5261-4C62-9AA3-0FEE6546F102}.Release|x64.ActiveCfg = Release|x64
		{220DE7A6-15EF-4C3C-8793-2CE4929D4D85}.Debug|Win32.ActiveCfg = Debug|Win32
		{220DE7A6-15EF-4C3C-8793-2CE4929D4D85}.Debug|Win32.Build.0 = Debug|Win32
		{220DE7A6-15EF-4C3C-8793-2CE4929D4D85}.Debug|x64.ActiveCfg = Debug|x64
		{220DE7A6-15EF-4C3C-8793-2CE4929D4D85}.Release|Win32.ActiveCfg = Release|Win32
		{220DE7A6-15EF-4C3C-8793-2CE4929D4D85}.Release|Win32.Build.0 = Release|Win32
		{220DE7A6-15EF-4C3C-8793-2CE4929D4D85}.Release|x64.ActiveCfg = Release|x64
		{32EA2A52-08A8-4F8E-BA2C-C1AFB11D7851}.Debug|Win32.ActiveCfg = Debug|Win32
		{32EA2A52-08A8-4F8E-BA2C-C1AFB11D7851}.Debug|Win32.Build.0 = Debug|Win32
		{32EA2A52-08A8-4F8E-BA2C-C1AFB11D7851}.Debug|x64.ActiveCfg = Debug|x64
		{32EA2A52-08A8-4F8E-BA2C-C1AFB11D7851}.Release|Win32.ActiveCfg = Release|Win32
		{32EA2A52-08A8-4F8E-BA2C-C1AFB11D7851}.Release|Win32.Build.0 = Release|Win32
		{32EA2A52-08A8-4F8E-BA2C-C1AFB11D7851}.Release|x64.ActiveCfg = Release|x64
		{B622D779-6FD4-4B0C-9F30-8FAB9F1914E3}.Debug|Win32.ActiveCfg = Debug|Win32
		{B622D779-6FD4-4B0C-9F30-8FAB9F1914E3}.Debug|Win32.Build.0 = Debug|Win32
		{B622D779-6FD4-4B0C-9F30-8FAB9F1914E3}.Debug|x64.ActiveCfg = Debug|x64
		{B622D779-6FD4-4B0C-9F30-8FAB9F1914E3}.Release|Win32.ActiveCfg = Release|Win32
		{B622D779-6FD4-4B0C-9F30-8FAB9F1914E3}.Release|Win32.Build.0 = Release|Win32
		{B622D779-6FD4-4B0C-9F30-8FAB9F1914E3}.Release|x64.ActiveCfg = Release|x64
		{8EC29920-6211-4E38-9064-4204BD242902}.Debug|Win32.ActiveCfg = Debug|Win32
		{8EC29920-6211-4E38-9064-4204BD242902}.Debug|Win32.Build.0 = Debug|Win32
		{8EC29920-6211-4E38-9064-4204BD242902}.Debug|x64.ActiveCfg = Debug|x64
		{8EC29920-6211-4E38-9064-4204BD242902}.Release|Win32.ActiveCfg = Release|Win32
		{8EC29920-6211-4E38-9064-4204BD242902}.Release|Win32.Build.0 = Release|Win32
		{8EC29920-6211-4E38-9064-4204BD242902}.Release|x64.ActiveCfg = Release|x64
		{F8D16FFB-F73D-41D0-91CE-C81283EF8417}.Debug|Win32.ActiveCfg = Debug|Win32
		{F8D16FFB-F73D-41D0-91CE-C81283EF8417}.Debug|Win32.Build.0 = Debug|Win32
		{F8D16FFB-F73D-41D0-91CE-C81283EF8417}.Debug|x64.ActiveCfg = Debug|x64
		{F8D16FFB-F73D-41D0-91CE-C81283EF8417}.Release|Win32.ActiveCfg = Release|Win32
		{F8D16FFB-F73D-41D0-91CE-C81283EF8417}.Release|Win32.Build.0 = Release|Win32
		{F8D16FFB-F73D-41D0-91CE-C81283EF8417}.Release|x64.ActiveCfg = Release|x64
		{3625DB75-EA9E-4E83-A60B-533194328EB4}.Debug|Win32.ActiveCfg = Debug|Win32
		{3625DB75-EA9E-4E83-A60B-533194328EB4}.Debug|Win32.Build.0 = Debug|Win32
		{3625DB75-EA9E-4E83-A60B-533194328EB4}.Debug|x64.ActiveCfg = Debug|x64
		{3625DB75-EA9E-4E83-A60B-533194328EB4}.Release|Win32.ActiveCfg = Release|Win32
		{3625DB75-EA9E-4E83-A60B-533194328EB4}.Release|Win32.Build.0 = Release|Win32
		{3625DB75-EA9E-4E83-A60B-533194328EB4}.Release|x64.ActiveCfg = Release|x64
		{BA81638C-28A7-4DFB-93E6-74D8AF6C92B4}.Debug|Win32.ActiveCfg = Debug|Win32
		{BA81638C-28A7-4DFB-93E6-74D8AF6C92B4}.Debug|Win32.Build.0 = Debug|Win32
		{BA81638C-28A7-4DFB-93E6-74D8AF6C92B4}.Debug|x64.ActiveCfg = Debug|x64
		{BA81638C-28A7-4DFB-93E6-74D8AF6C92B4}.Release|Win32.ActiveCfg = Release|Win32
		{BA81638C-28A7-4DFB-93E6-74D8AF6C92B4}.Release|Win32.Build.0 = Release|Win32
		{BA81638C-28A7-4DFB-93E6-74D8AF6C92B4}.Release|x64.ActiveCfg = Release|x64
		{BB4E3CC3-10F8-4DB9-9CC6-CCDD45AB55D3}.Debug|Win32.ActiveCfg = Debug|Win32
		{BB4E3CC3-10F8-4DB9-9CC6-CCDD45AB55D3}.Debug|Win32.Build.0 = Debug|Win32
		{BB4E3CC3-10F8-4DB9-9CC6-CCDD45AB55D3}.Debug|x64.ActiveCfg = Debug|x64
		{BB4E3CC3-10F8-4DB9-9CC6-CCDD45AB55D3}.Release|Win32.ActiveCfg = Release|Win32
		{BB4E3CC3-10F8-4DB9-9CC6-CCDD45AB55D3}.Release|Win32.Build.0 = Release|Win32
		{BB4E3CC3-10F8-4DB9-9CC6-CCDD45AB55D3}.Release|x64.ActiveCfg = Release|x64
		{556A528A-2DD5-4BDC-ACC6-A89E88AB2FCD}.Debug|Win32.ActiveCfg = Debug
		{556A528A-2DD5-4BDC-ACC6-A89E88AB2FCD}.Debug|x64.ActiveCfg = Debug
		{556A528A-2DD5-4BDC-ACC6-A89E88AB2FCD}.Debug|x64.Build.0 = Debug
		{556A528A-2DD5-4BDC-ACC6-A89E88AB2FCD}.Release|Win32.ActiveCfg = Release
		{556A528A-2DD5-4BDC-ACC6-A89E88AB2FCD}.Release|Win32.Build.0 = Release
		{556A528A-2DD5-4BDC-ACC6-A89E88AB2FCD}.Release|x64.ActiveCfg = Release
		{556A528A-2DD5-4BDC-ACC6-A89E88AB2FCD}.Release|x64.Build.0 = Release
		{FC517645-8ACB-4B62-8877-B7B84A34F202}.Debug|Win32.ActiveCfg = Debug|Win32
		{FC517645-8ACB-4B62-8877-B7B84A34F202}.Debug|Win32.Build.0 = Debug|Win32
		{FC517645-8ACB-4B62-8877-B7B84A34F202}.Debug|x64.ActiveCfg = Debug|x64
		{FC517645-8ACB-4B62-8877-B7B84A34F202}.Release|Win32.ActiveCfg = Release|Win32
		{FC517645-8ACB-4B62-8877-B7B84A34F202}.Release|Win32.Build.0 = Release|Win32
		{FC517645-8ACB-4B62-8877-B7B84A34F202}.Release|x64.ActiveCfg = Release|x64
		{665CD200-CDE4-4118-A0A0-D73E3A884B5B}.Debug|Win32.ActiveCfg = Debug|Win32
		{665CD200-CDE4-4118-A0A0-D73E3A884B5B}.Debug|Win32.Build.0 = Debug|Win32
		{665CD200-CDE4-4118-A0A0-D73E3A884B5B}.Debug|x64.ActiveCfg = Debug|x64
		{665CD200-CDE4-4118-A0A0-D73E3A884B5B}.Release|Win32.ActiveCfg = Release|Win32
		{665CD200-CDE4-4118-A0A0-D73E3A884B5B}.Release|Win32.Build.0 = Release|Win32
		{665CD200-CDE4-4118-A0A0-D73E3A884B5B}.Release|x64.ActiveCfg = Release|x64
		{57F62151-A66D-44D6-A226-3837DA04E7D1}.Debug|Win32.ActiveCfg = Debug|Win32
		{57F62151-A66D-44D6-A226-3837DA04E7D1}.Debug|Win32.Build.0 = Debug|Win32
		{57F62151-A66D-44D6-A226-3837DA04E7D1}.Debug|x64.ActiveCfg = Debug|x64
		{57F62151-A66D-44D6-A226-3837DA04E7D1}.Release|Win32.ActiveCfg = Release|Win32
		{57F62151-A66D-44D6-A226-3837DA04E7D1}.Release|Win32.Build.0 = Release|Win32
		{57F62151-A66D-44D6-A226-3837DA04E7D1}.Release|x64.ActiveCfg = Release|x64
		{DFEB3596-18FF-4B2F-99FB-6AF5DE843372}.Debug|Win32.ActiveCfg = Debug|Win32
		{DFEB3596-18FF-4B2F-99FB-6AF5DE843372}.Debug|Win32.Build.0 = Debug|Win32
		{DFEB3596-18FF-4B2F-99FB-6AF5DE843372}.Debug|x64.ActiveCfg = Debug|Win32
		{DFEB3596-18FF-4B2F-99FB-6AF5DE843372}.Release|Win32.ActiveCfg = Release|Win32
		{DFEB3596-18FF-4B2F-99FB-6AF5DE843372}.Release|Win32.Build.0 = Release|Win32
		{DFEB3596-18FF-4B2F-99FB-6AF5DE843372}.Release|x64.ActiveCfg = Release|Win32
	EndGlobalSection
	GlobalSection(SolutionProperties) = preSolution
		HideSolutionNode = FALSE
	EndGlobalSection
EndGlobal
