
Microsoft Visual Studio Solution File, Format Version 9.00
# Visual Studio 2005
Project("{8BC9CEB8-8B4A-11D0-8D11-00A0C91BC942}") = "xsltproc", "xsltproc.vcproj", "{F8D16FFB-F73D-41D0-91CE-C81283EF8417}"
EndProject
Global
	GlobalSection(SolutionConfigurationPlatforms) = preSolution
		Debug|Win32 = Debug|Win32
		Release|Win32 = Release|Win32
	EndGlobalSection
	GlobalSection(ProjectConfigurationPlatforms) = postSolution
		{F8D16FFB-F73D-41D0-91CE-C81283EF8417}.Debug|Win32.ActiveCfg = Debug|Win32
		{F8D16FFB-F73D-41D0-91CE-C81283EF8417}.Debug|Win32.Build.0 = Debug|Win32
		{F8D16FFB-F73D-41D0-91CE-C81283EF8417}.Release|Win32.ActiveCfg = Release|Win32
		{F8D16FFB-F73D-41D0-91CE-C81283EF8417}.Release|Win32.Build.0 = Release|Win32
	EndGlobalSection
	GlobalSection(SolutionProperties) = preSolution
		HideSolutionNode = FALSE
	EndGlobalSection
EndGlobal
