
Microsoft Visual Studio Solution File, Format Version 12.00
# Visual Studio 15
VisualStudioVersion = 15.0.28307.1321
MinimumVisualStudioVersion = 10.0.40219.1
Project("{8BC9CEB8-8B4A-11D0-8D11-00A0C91BC942}") = "GenerateILSFamily", "GenerateILSFamily.vcxproj", "{EEE8EEFD-4CF3-45EC-8660-6A2C9F725FED}"
EndProject
Global
	GlobalSection(SolutionConfigurationPlatforms) = preSolution
		Debug|x64 = Debug|x64
		Debug|x86 = Debug|x86
		Release|x64 = Release|x64
		Release|x86 = Release|x86
	EndGlobalSection
	GlobalSection(ProjectConfigurationPlatforms) = postSolution
		{EEE8EEFD-4CF3-45EC-8660-6A2C9F725FED}.Debug|x64.ActiveCfg = Debug|x64
		{EEE8EEFD-4CF3-45EC-8660-6A2C9F725FED}.Debug|x64.Build.0 = Debug|x64
		{EEE8EEFD-4CF3-45EC-8660-6A2C9F725FED}.Debug|x86.ActiveCfg = Debug|Win32
		{EEE8EEFD-4CF3-45EC-8660-6A2C9F725FED}.Debug|x86.Build.0 = Debug|Win32
		{EEE8EEFD-4CF3-45EC-8660-6A2C9F725FED}.Release|x64.ActiveCfg = Release|x64
		{EEE8EEFD-4CF3-45EC-8660-6A2C9F725FED}.Release|x64.Build.0 = Release|x64
		{EEE8EEFD-4CF3-45EC-8660-6A2C9F725FED}.Release|x86.ActiveCfg = Release|Win32
		{EEE8EEFD-4CF3-45EC-8660-6A2C9F725FED}.Release|x86.Build.0 = Release|Win32
	EndGlobalSection
	GlobalSection(SolutionProperties) = preSolution
		HideSolutionNode = FALSE
	EndGlobalSection
	GlobalSection(ExtensibilityGlobals) = postSolution
		SolutionGuid = {9CBA4EBF-F281-403C-93A6-08CA383878A7}
	EndGlobalSection
EndGlobal
