
Microsoft Visual Studio Solution File, Format Version 11.00
# Visual Studio 2010
Project("{8BC9CEB8-8B4A-11D0-8D11-00A0C91BC942}") = "OsirisAnalysis", "OsirisAnalysis.vcxproj", "{BB4E3CC3-10F8-4DB9-9CC6-CCDD45AB55D3}"
	ProjectSection(ProjectDependencies) = postProject
		{3625DB75-EA9E-4E83-A60B-533194328EB4} = {3625DB75-EA9E-4E83-A60B-533194328EB4}
	EndProjectSection
EndProject
Project("{8BC9CEB8-8B4A-11D0-8D11-00A0C91BC942}") = "nwx", "..\nwx\nwx.vcxproj", "{3625DB75-EA9E-4E83-A60B-533194328EB4}"
	ProjectSection(ProjectDependencies) = postProject
		{57F62151-A66D-44D6-A226-3837DA04E7D1} = {57F62151-A66D-44D6-A226-3837DA04E7D1}
	EndProjectSection
EndProject
Project("{8BC9CEB8-8B4A-11D0-8D11-00A0C91BC942}") = "Tools", "..\BaseClassLib\Tools\Tools.vcxproj", "{74299048-4F7F-4235-92E9-78F978B70F4C}"
EndProject
Project("{8BC9CEB8-8B4A-11D0-8D11-00A0C91BC942}") = "wxXml2", "..\wxXml2\wxXml2.vcxproj", "{665CD200-CDE4-4118-A0A0-D73E3A884B5B}"
EndProject
Project("{8BC9CEB8-8B4A-11D0-8D11-00A0C91BC942}") = "wxplotctrl_wxplotctrl", "..\wxplotctrl\build\wxplotctrl_wxplotctrl.vcxproj", "{FC517645-8ACB-4B62-8877-B7B84A34F202}"
EndProject
Project("{8BC9CEB8-8B4A-11D0-8D11-00A0C91BC942}") = "wxthings_wxthings", "..\wxthings\build\wxthings_wxthings.vcxproj", "{57F62151-A66D-44D6-A226-3837DA04E7D1}"
EndProject
Project("{54435603-DBB4-11D2-8724-00A0C9A8B90C}") = "Setup", "..\Setup\Setup.vdproj", "{C533D531-F858-440B-90CC-C73597EE8580}"
	ProjectSection(ProjectDependencies) = postProject
		{BB4E3CC3-10F8-4DB9-9CC6-CCDD45AB55D3} = {BB4E3CC3-10F8-4DB9-9CC6-CCDD45AB55D3}
		{FFDB5DC5-5261-4C62-9AA3-0FEE6546F102} = {FFDB5DC5-5261-4C62-9AA3-0FEE6546F102}
	EndProjectSection
EndProject
Project("{8BC9CEB8-8B4A-11D0-8D11-00A0C91BC942}") = "wxXSL", "..\wxXsl\wxXSL.vcxproj", "{BA81638C-28A7-4DFB-93E6-74D8AF6C92B4}"
	ProjectSection(ProjectDependencies) = postProject
		{665CD200-CDE4-4118-A0A0-D73E3A884B5B} = {665CD200-CDE4-4118-A0A0-D73E3A884B5B}
	EndProjectSection
EndProject
Project("{8BC9CEB8-8B4A-11D0-8D11-00A0C91BC942}") = "OsirisLib-v2.01", "..\OsirisLib2.01\OsirisLib.vcxproj", "{3071892C-0773-4CA4-A4A8-E88ADE8B8D9F}"
	ProjectSection(ProjectDependencies) = postProject
		{74299048-4F7F-4235-92E9-78F978B70F4C} = {74299048-4F7F-4235-92E9-78F978B70F4C}
	EndProjectSection
EndProject
Project("{8BC9CEB8-8B4A-11D0-8D11-00A0C91BC942}") = "TestAnalysisDirectoryLC", "..\TestAnalysisDirectoryLCv2.11\TestAnalysisDirectoryLC.vcxproj", "{FFDB5DC5-5261-4C62-9AA3-0FEE6546F102}"
EndProject
Global
	GlobalSection(SolutionConfigurationPlatforms) = preSolution
		Debug|Win32 = Debug|Win32
		Release|Win32 = Release|Win32
	EndGlobalSection
	GlobalSection(ProjectConfigurationPlatforms) = postSolution
		{BB4E3CC3-10F8-4DB9-9CC6-CCDD45AB55D3}.Debug|Win32.ActiveCfg = Debug|Win32
		{BB4E3CC3-10F8-4DB9-9CC6-CCDD45AB55D3}.Debug|Win32.Build.0 = Debug|Win32
		{BB4E3CC3-10F8-4DB9-9CC6-CCDD45AB55D3}.Release|Win32.ActiveCfg = Release|Win32
		{BB4E3CC3-10F8-4DB9-9CC6-CCDD45AB55D3}.Release|Win32.Build.0 = Release|Win32
		{3625DB75-EA9E-4E83-A60B-533194328EB4}.Debug|Win32.ActiveCfg = Debug|Win32
		{3625DB75-EA9E-4E83-A60B-533194328EB4}.Debug|Win32.Build.0 = Debug|Win32
		{3625DB75-EA9E-4E83-A60B-533194328EB4}.Release|Win32.ActiveCfg = Release|Win32
		{3625DB75-EA9E-4E83-A60B-533194328EB4}.Release|Win32.Build.0 = Release|Win32
		{74299048-4F7F-4235-92E9-78F978B70F4C}.Debug|Win32.ActiveCfg = Debug|Win32
		{74299048-4F7F-4235-92E9-78F978B70F4C}.Release|Win32.ActiveCfg = Release|Win32
		{74299048-4F7F-4235-92E9-78F978B70F4C}.Release|Win32.Build.0 = Release|Win32
		{665CD200-CDE4-4118-A0A0-D73E3A884B5B}.Debug|Win32.ActiveCfg = Debug|Win32
		{665CD200-CDE4-4118-A0A0-D73E3A884B5B}.Debug|Win32.Build.0 = Debug|Win32
		{665CD200-CDE4-4118-A0A0-D73E3A884B5B}.Release|Win32.ActiveCfg = Release|Win32
		{665CD200-CDE4-4118-A0A0-D73E3A884B5B}.Release|Win32.Build.0 = Release|Win32
		{FC517645-8ACB-4B62-8877-B7B84A34F202}.Debug|Win32.ActiveCfg = Debug|Win32
		{FC517645-8ACB-4B62-8877-B7B84A34F202}.Debug|Win32.Build.0 = Debug|Win32
		{FC517645-8ACB-4B62-8877-B7B84A34F202}.Release|Win32.ActiveCfg = Release|Win32
		{FC517645-8ACB-4B62-8877-B7B84A34F202}.Release|Win32.Build.0 = Release|Win32
		{57F62151-A66D-44D6-A226-3837DA04E7D1}.Debug|Win32.ActiveCfg = Debug|Win32
		{57F62151-A66D-44D6-A226-3837DA04E7D1}.Debug|Win32.Build.0 = Debug|Win32
		{57F62151-A66D-44D6-A226-3837DA04E7D1}.Release|Win32.ActiveCfg = Release|Win32
		{57F62151-A66D-44D6-A226-3837DA04E7D1}.Release|Win32.Build.0 = Release|Win32
		{C533D531-F858-440B-90CC-C73597EE8580}.Debug|Win32.ActiveCfg = Debug
		{C533D531-F858-440B-90CC-C73597EE8580}.Release|Win32.ActiveCfg = Release
		{C533D531-F858-440B-90CC-C73597EE8580}.Release|Win32.Build.0 = Release
		{BA81638C-28A7-4DFB-93E6-74D8AF6C92B4}.Debug|Win32.ActiveCfg = Debug|Win32
		{BA81638C-28A7-4DFB-93E6-74D8AF6C92B4}.Debug|Win32.Build.0 = Debug|Win32
		{BA81638C-28A7-4DFB-93E6-74D8AF6C92B4}.Release|Win32.ActiveCfg = Release|Win32
		{BA81638C-28A7-4DFB-93E6-74D8AF6C92B4}.Release|Win32.Build.0 = Release|Win32
		{3071892C-0773-4CA4-A4A8-E88ADE8B8D9F}.Debug|Win32.ActiveCfg = Debug|Win32
		{3071892C-0773-4CA4-A4A8-E88ADE8B8D9F}.Debug|Win32.Build.0 = Debug|Win32
		{3071892C-0773-4CA4-A4A8-E88ADE8B8D9F}.Release|Win32.ActiveCfg = Release|Win32
		{3071892C-0773-4CA4-A4A8-E88ADE8B8D9F}.Release|Win32.Build.0 = Release|Win32
		{FFDB5DC5-5261-4C62-9AA3-0FEE6546F102}.Debug|Win32.ActiveCfg = Debug|Win32
		{FFDB5DC5-5261-4C62-9AA3-0FEE6546F102}.Debug|Win32.Build.0 = Debug|Win32
		{FFDB5DC5-5261-4C62-9AA3-0FEE6546F102}.Release|Win32.ActiveCfg = Release|Win32
		{FFDB5DC5-5261-4C62-9AA3-0FEE6546F102}.Release|Win32.Build.0 = Release|Win32
	EndGlobalSection
	GlobalSection(SolutionProperties) = preSolution
		HideSolutionNode = FALSE
	EndGlobalSection
EndGlobal
