
Microsoft Visual Studio Solution File, Format Version 11.00
# Visual Studio 2010
Project("{8BC9CEB8-8B4A-11D0-8D11-00A0C91BC942}") = "wxregex", "wx_wxregex.vcxproj", "{71ADF79A-15DC-4E66-93AE-5973FE9CDEDA}"
EndProject
Project("{8BC9CEB8-8B4A-11D0-8D11-00A0C91BC942}") = "wxzlib", "wx_wxzlib.vcxproj", "{031EDC26-573C-4BD7-B68B-801A36DF93BE}"
EndProject
Project("{8BC9CEB8-8B4A-11D0-8D11-00A0C91BC942}") = "wxpng", "wx_wxpng.vcxproj", "{5944357B-8D8C-4DC7-ACF7-346F6D53E833}"
EndProject
Project("{8BC9CEB8-8B4A-11D0-8D11-00A0C91BC942}") = "wxjpeg", "wx_wxjpeg.vcxproj", "{A4A932B7-43DA-4216-ABEF-9BF68C452D2B}"
EndProject
Project("{8BC9CEB8-8B4A-11D0-8D11-00A0C91BC942}") = "wxtiff", "wx_wxtiff.vcxproj", "{F6F4B8B3-3009-4697-B9C8-E72136E5940E}"
EndProject
Project("{8BC9CEB8-8B4A-11D0-8D11-00A0C91BC942}") = "wxexpat", "wx_wxexpat.vcxproj", "{6A9BABFD-0C15-4569-A22E-9D78719BA357}"
EndProject
Project("{8BC9CEB8-8B4A-11D0-8D11-00A0C91BC942}") = "base", "wx_base.vcxproj", "{48F56E6A-0EB4-492F-A061-F27C0E8B1953}"
EndProject
Project("{8BC9CEB8-8B4A-11D0-8D11-00A0C91BC942}") = "net", "wx_net.vcxproj", "{26F69092-4358-45E9-8BEB-1E6C9DE9981A}"
EndProject
Project("{8BC9CEB8-8B4A-11D0-8D11-00A0C91BC942}") = "core", "wx_core.vcxproj", "{36E76791-5BAA-4C74-BF4C-87EE4F431DEF}"
EndProject
Project("{8BC9CEB8-8B4A-11D0-8D11-00A0C91BC942}") = "adv", "wx_adv.vcxproj", "{80F35D55-B492-48F6-9603-25E8B017D6F9}"
EndProject
Project("{8BC9CEB8-8B4A-11D0-8D11-00A0C91BC942}") = "media", "wx_media.vcxproj", "{51593F94-71C5-4F0C-A843-C4B9E8C02717}"
EndProject
Project("{8BC9CEB8-8B4A-11D0-8D11-00A0C91BC942}") = "odbc", "wx_odbc.vcxproj", "{38B6ABA4-680B-4D7E-A9C7-A841A13393B2}"
EndProject
Project("{8BC9CEB8-8B4A-11D0-8D11-00A0C91BC942}") = "dbgrid", "wx_dbgrid.vcxproj", "{5BFD40A3-FDAC-4071-BAC7-AA3015006F6F}"
EndProject
Project("{8BC9CEB8-8B4A-11D0-8D11-00A0C91BC942}") = "html", "wx_html.vcxproj", "{0DAD407B-D9B9-403C-B552-473E34F9D095}"
EndProject
Project("{8BC9CEB8-8B4A-11D0-8D11-00A0C91BC942}") = "qa", "wx_qa.vcxproj", "{02FE265A-B7A5-4CC4-AD91-C0E4F8A313C5}"
EndProject
Project("{8BC9CEB8-8B4A-11D0-8D11-00A0C91BC942}") = "xml", "wx_xml.vcxproj", "{9611D715-4B63-4934-8DD6-6C73FE2025BC}"
EndProject
Project("{8BC9CEB8-8B4A-11D0-8D11-00A0C91BC942}") = "xrc", "wx_xrc.vcxproj", "{1013E8D6-D725-433F-8E1C-3115FDB97D41}"
EndProject
Project("{8BC9CEB8-8B4A-11D0-8D11-00A0C91BC942}") = "aui", "wx_aui.vcxproj", "{F7C4FC21-D1A1-47E6-B605-F7A578643E07}"
EndProject
Project("{8BC9CEB8-8B4A-11D0-8D11-00A0C91BC942}") = "richtext", "wx_richtext.vcxproj", "{94189885-AC98-4275-A8ED-A3BBE6576641}"
EndProject
Project("{8BC9CEB8-8B4A-11D0-8D11-00A0C91BC942}") = "gl", "wx_gl.vcxproj", "{D3675236-4222-46A4-9A8F-6D4629044F9E}"
EndProject
Global
	GlobalSection(SolutionConfigurationPlatforms) = preSolution
		Debug|Win32 = Debug|Win32
		DLL Debug|Win32 = DLL Debug|Win32
		DLL Release|Win32 = DLL Release|Win32
		DLL Unicode Debug|Win32 = DLL Unicode Debug|Win32
		DLL Unicode Release|Win32 = DLL Unicode Release|Win32
		DLL Universal Debug|Win32 = DLL Universal Debug|Win32
		DLL Universal Release|Win32 = DLL Universal Release|Win32
		DLL Universal Unicode Debug|Win32 = DLL Universal Unicode Debug|Win32
		DLL Universal Unicode Release|Win32 = DLL Universal Unicode Release|Win32
		Release|Win32 = Release|Win32
		Unicode Debug|Win32 = Unicode Debug|Win32
		Unicode Release|Win32 = Unicode Release|Win32
		Universal Debug|Win32 = Universal Debug|Win32
		Universal Release|Win32 = Universal Release|Win32
		Universal Unicode Debug|Win32 = Universal Unicode Debug|Win32
		Universal Unicode Release|Win32 = Universal Unicode Release|Win32
	EndGlobalSection
	GlobalSection(ProjectConfigurationPlatforms) = postSolution
		{71ADF79A-15DC-4E66-93AE-5973FE9CDEDA}.Debug|Win32.ActiveCfg = Debug|Win32
		{71ADF79A-15DC-4E66-93AE-5973FE9CDEDA}.Debug|Win32.Build.0 = Debug|Win32
		{71ADF79A-15DC-4E66-93AE-5973FE9CDEDA}.DLL Debug|Win32.ActiveCfg = DLL Debug|Win32
		{71ADF79A-15DC-4E66-93AE-5973FE9CDEDA}.DLL Debug|Win32.Build.0 = DLL Debug|Win32
		{71ADF79A-15DC-4E66-93AE-5973FE9CDEDA}.DLL Release|Win32.ActiveCfg = DLL Release|Win32
		{71ADF79A-15DC-4E66-93AE-5973FE9CDEDA}.DLL Release|Win32.Build.0 = DLL Release|Win32
		{71ADF79A-15DC-4E66-93AE-5973FE9CDEDA}.DLL Unicode Debug|Win32.ActiveCfg = DLL Unicode Debug|Win32
		{71ADF79A-15DC-4E66-93AE-5973FE9CDEDA}.DLL Unicode Debug|Win32.Build.0 = DLL Unicode Debug|Win32
		{71ADF79A-15DC-4E66-93AE-5973FE9CDEDA}.DLL Unicode Release|Win32.ActiveCfg = DLL Unicode Release|Win32
		{71ADF79A-15DC-4E66-93AE-5973FE9CDEDA}.DLL Unicode Release|Win32.Build.0 = DLL Unicode Release|Win32
		{71ADF79A-15DC-4E66-93AE-5973FE9CDEDA}.DLL Universal Debug|Win32.ActiveCfg = DLL Universal Debug|Win32
		{71ADF79A-15DC-4E66-93AE-5973FE9CDEDA}.DLL Universal Debug|Win32.Build.0 = DLL Universal Debug|Win32
		{71ADF79A-15DC-4E66-93AE-5973FE9CDEDA}.DLL Universal Release|Win32.ActiveCfg = DLL Universal Release|Win32
		{71ADF79A-15DC-4E66-93AE-5973FE9CDEDA}.DLL Universal Release|Win32.Build.0 = DLL Universal Release|Win32
		{71ADF79A-15DC-4E66-93AE-5973FE9CDEDA}.DLL Universal Unicode Debug|Win32.ActiveCfg = DLL Universal Unicode Debug|Win32
		{71ADF79A-15DC-4E66-93AE-5973FE9CDEDA}.DLL Universal Unicode Debug|Win32.Build.0 = DLL Universal Unicode Debug|Win32
		{71ADF79A-15DC-4E66-93AE-5973FE9CDEDA}.DLL Universal Unicode Release|Win32.ActiveCfg = DLL Universal Unicode Release|Win32
		{71ADF79A-15DC-4E66-93AE-5973FE9CDEDA}.DLL Universal Unicode Release|Win32.Build.0 = DLL Universal Unicode Release|Win32
		{71ADF79A-15DC-4E66-93AE-5973FE9CDEDA}.Release|Win32.ActiveCfg = Release|Win32
		{71ADF79A-15DC-4E66-93AE-5973FE9CDEDA}.Release|Win32.Build.0 = Release|Win32
		{71ADF79A-15DC-4E66-93AE-5973FE9CDEDA}.Unicode Debug|Win32.ActiveCfg = Unicode Debug|Win32
		{71ADF79A-15DC-4E66-93AE-5973FE9CDEDA}.Unicode Debug|Win32.Build.0 = Unicode Debug|Win32
		{71ADF79A-15DC-4E66-93AE-5973FE9CDEDA}.Unicode Release|Win32.ActiveCfg = Unicode Release|Win32
		{71ADF79A-15DC-4E66-93AE-5973FE9CDEDA}.Unicode Release|Win32.Build.0 = Unicode Release|Win32
		{71ADF79A-15DC-4E66-93AE-5973FE9CDEDA}.Universal Debug|Win32.ActiveCfg = Universal Debug|Win32
		{71ADF79A-15DC-4E66-93AE-5973FE9CDEDA}.Universal Debug|Win32.Build.0 = Universal Debug|Win32
		{71ADF79A-15DC-4E66-93AE-5973FE9CDEDA}.Universal Release|Win32.ActiveCfg = Universal Release|Win32
		{71ADF79A-15DC-4E66-93AE-5973FE9CDEDA}.Universal Release|Win32.Build.0 = Universal Release|Win32
		{71ADF79A-15DC-4E66-93AE-5973FE9CDEDA}.Universal Unicode Debug|Win32.ActiveCfg = Universal Unicode Debug|Win32
		{71ADF79A-15DC-4E66-93AE-5973FE9CDEDA}.Universal Unicode Debug|Win32.Build.0 = Universal Unicode Debug|Win32
		{71ADF79A-15DC-4E66-93AE-5973FE9CDEDA}.Universal Unicode Release|Win32.ActiveCfg = Universal Unicode Release|Win32
		{71ADF79A-15DC-4E66-93AE-5973FE9CDEDA}.Universal Unicode Release|Win32.Build.0 = Universal Unicode Release|Win32
		{031EDC26-573C-4BD7-B68B-801A36DF93BE}.Debug|Win32.ActiveCfg = Debug|Win32
		{031EDC26-573C-4BD7-B68B-801A36DF93BE}.Debug|Win32.Build.0 = Debug|Win32
		{031EDC26-573C-4BD7-B68B-801A36DF93BE}.DLL Debug|Win32.ActiveCfg = DLL Debug|Win32
		{031EDC26-573C-4BD7-B68B-801A36DF93BE}.DLL Debug|Win32.Build.0 = DLL Debug|Win32
		{031EDC26-573C-4BD7-B68B-801A36DF93BE}.DLL Release|Win32.ActiveCfg = DLL Release|Win32
		{031EDC26-573C-4BD7-B68B-801A36DF93BE}.DLL Release|Win32.Build.0 = DLL Release|Win32
		{031EDC26-573C-4BD7-B68B-801A36DF93BE}.DLL Unicode Debug|Win32.ActiveCfg = DLL Unicode Debug|Win32
		{031EDC26-573C-4BD7-B68B-801A36DF93BE}.DLL Unicode Debug|Win32.Build.0 = DLL Unicode Debug|Win32
		{031EDC26-573C-4BD7-B68B-801A36DF93BE}.DLL Unicode Release|Win32.ActiveCfg = DLL Unicode Release|Win32
		{031EDC26-573C-4BD7-B68B-801A36DF93BE}.DLL Unicode Release|Win32.Build.0 = DLL Unicode Release|Win32
		{031EDC26-573C-4BD7-B68B-801A36DF93BE}.DLL Universal Debug|Win32.ActiveCfg = DLL Universal Debug|Win32
		{031EDC26-573C-4BD7-B68B-801A36DF93BE}.DLL Universal Debug|Win32.Build.0 = DLL Universal Debug|Win32
		{031EDC26-573C-4BD7-B68B-801A36DF93BE}.DLL Universal Release|Win32.ActiveCfg = DLL Universal Release|Win32
		{031EDC26-573C-4BD7-B68B-801A36DF93BE}.DLL Universal Release|Win32.Build.0 = DLL Universal Release|Win32
		{031EDC26-573C-4BD7-B68B-801A36DF93BE}.DLL Universal Unicode Debug|Win32.ActiveCfg = DLL Universal Unicode Debug|Win32
		{031EDC26-573C-4BD7-B68B-801A36DF93BE}.DLL Universal Unicode Debug|Win32.Build.0 = DLL Universal Unicode Debug|Win32
		{031EDC26-573C-4BD7-B68B-801A36DF93BE}.DLL Universal Unicode Release|Win32.ActiveCfg = DLL Universal Unicode Release|Win32
		{031EDC26-573C-4BD7-B68B-801A36DF93BE}.DLL Universal Unicode Release|Win32.Build.0 = DLL Universal Unicode Release|Win32
		{031EDC26-573C-4BD7-B68B-801A36DF93BE}.Release|Win32.ActiveCfg = Release|Win32
		{031EDC26-573C-4BD7-B68B-801A36DF93BE}.Release|Win32.Build.0 = Release|Win32
		{031EDC26-573C-4BD7-B68B-801A36DF93BE}.Unicode Debug|Win32.ActiveCfg = Unicode Debug|Win32
		{031EDC26-573C-4BD7-B68B-801A36DF93BE}.Unicode Debug|Win32.Build.0 = Unicode Debug|Win32
		{031EDC26-573C-4BD7-B68B-801A36DF93BE}.Unicode Release|Win32.ActiveCfg = Unicode Release|Win32
		{031EDC26-573C-4BD7-B68B-801A36DF93BE}.Unicode Release|Win32.Build.0 = Unicode Release|Win32
		{031EDC26-573C-4BD7-B68B-801A36DF93BE}.Universal Debug|Win32.ActiveCfg = Universal Debug|Win32
		{031EDC26-573C-4BD7-B68B-801A36DF93BE}.Universal Debug|Win32.Build.0 = Universal Debug|Win32
		{031EDC26-573C-4BD7-B68B-801A36DF93BE}.Universal Release|Win32.ActiveCfg = Universal Release|Win32
		{031EDC26-573C-4BD7-B68B-801A36DF93BE}.Universal Release|Win32.Build.0 = Universal Release|Win32
		{031EDC26-573C-4BD7-B68B-801A36DF93BE}.Universal Unicode Debug|Win32.ActiveCfg = Universal Unicode Debug|Win32
		{031EDC26-573C-4BD7-B68B-801A36DF93BE}.Universal Unicode Debug|Win32.Build.0 = Universal Unicode Debug|Win32
		{031EDC26-573C-4BD7-B68B-801A36DF93BE}.Universal Unicode Release|Win32.ActiveCfg = Universal Unicode Release|Win32
		{031EDC26-573C-4BD7-B68B-801A36DF93BE}.Universal Unicode Release|Win32.Build.0 = Universal Unicode Release|Win32
		{5944357B-8D8C-4DC7-ACF7-346F6D53E833}.Debug|Win32.ActiveCfg = Debug|Win32
		{5944357B-8D8C-4DC7-ACF7-346F6D53E833}.Debug|Win32.Build.0 = Debug|Win32
		{5944357B-8D8C-4DC7-ACF7-346F6D53E833}.DLL Debug|Win32.ActiveCfg = DLL Debug|Win32
		{5944357B-8D8C-4DC7-ACF7-346F6D53E833}.DLL Debug|Win32.Build.0 = DLL Debug|Win32
		{5944357B-8D8C-4DC7-ACF7-346F6D53E833}.DLL Release|Win32.ActiveCfg = DLL Release|Win32
		{5944357B-8D8C-4DC7-ACF7-346F6D53E833}.DLL Release|Win32.Build.0 = DLL Release|Win32
		{5944357B-8D8C-4DC7-ACF7-346F6D53E833}.DLL Unicode Debug|Win32.ActiveCfg = DLL Unicode Debug|Win32
		{5944357B-8D8C-4DC7-ACF7-346F6D53E833}.DLL Unicode Debug|Win32.Build.0 = DLL Unicode Debug|Win32
		{5944357B-8D8C-4DC7-ACF7-346F6D53E833}.DLL Unicode Release|Win32.ActiveCfg = DLL Unicode Release|Win32
		{5944357B-8D8C-4DC7-ACF7-346F6D53E833}.DLL Unicode Release|Win32.Build.0 = DLL Unicode Release|Win32
		{5944357B-8D8C-4DC7-ACF7-346F6D53E833}.DLL Universal Debug|Win32.ActiveCfg = DLL Universal Debug|Win32
		{5944357B-8D8C-4DC7-ACF7-346F6D53E833}.DLL Universal Debug|Win32.Build.0 = DLL Universal Debug|Win32
		{5944357B-8D8C-4DC7-ACF7-346F6D53E833}.DLL Universal Release|Win32.ActiveCfg = DLL Universal Release|Win32
		{5944357B-8D8C-4DC7-ACF7-346F6D53E833}.DLL Universal Release|Win32.Build.0 = DLL Universal Release|Win32
		{5944357B-8D8C-4DC7-ACF7-346F6D53E833}.DLL Universal Unicode Debug|Win32.ActiveCfg = DLL Universal Unicode Debug|Win32
		{5944357B-8D8C-4DC7-ACF7-346F6D53E833}.DLL Universal Unicode Debug|Win32.Build.0 = DLL Universal Unicode Debug|Win32
		{5944357B-8D8C-4DC7-ACF7-346F6D53E833}.DLL Universal Unicode Release|Win32.ActiveCfg = DLL Universal Unicode Release|Win32
		{5944357B-8D8C-4DC7-ACF7-346F6D53E833}.DLL Universal Unicode Release|Win32.Build.0 = DLL Universal Unicode Release|Win32
		{5944357B-8D8C-4DC7-ACF7-346F6D53E833}.Release|Win32.ActiveCfg = Release|Win32
		{5944357B-8D8C-4DC7-ACF7-346F6D53E833}.Release|Win32.Build.0 = Release|Win32
		{5944357B-8D8C-4DC7-ACF7-346F6D53E833}.Unicode Debug|Win32.ActiveCfg = Unicode Debug|Win32
		{5944357B-8D8C-4DC7-ACF7-346F6D53E833}.Unicode Debug|Win32.Build.0 = Unicode Debug|Win32
		{5944357B-8D8C-4DC7-ACF7-346F6D53E833}.Unicode Release|Win32.ActiveCfg = Unicode Release|Win32
		{5944357B-8D8C-4DC7-ACF7-346F6D53E833}.Unicode Release|Win32.Build.0 = Unicode Release|Win32
		{5944357B-8D8C-4DC7-ACF7-346F6D53E833}.Universal Debug|Win32.ActiveCfg = Universal Debug|Win32
		{5944357B-8D8C-4DC7-ACF7-346F6D53E833}.Universal Debug|Win32.Build.0 = Universal Debug|Win32
		{5944357B-8D8C-4DC7-ACF7-346F6D53E833}.Universal Release|Win32.ActiveCfg = Universal Release|Win32
		{5944357B-8D8C-4DC7-ACF7-346F6D53E833}.Universal Release|Win32.Build.0 = Universal Release|Win32
		{5944357B-8D8C-4DC7-ACF7-346F6D53E833}.Universal Unicode Debug|Win32.ActiveCfg = Universal Unicode Debug|Win32
		{5944357B-8D8C-4DC7-ACF7-346F6D53E833}.Universal Unicode Debug|Win32.Build.0 = Universal Unicode Debug|Win32
		{5944357B-8D8C-4DC7-ACF7-346F6D53E833}.Universal Unicode Release|Win32.ActiveCfg = Universal Unicode Release|Win32
		{5944357B-8D8C-4DC7-ACF7-346F6D53E833}.Universal Unicode Release|Win32.Build.0 = Universal Unicode Release|Win32
		{A4A932B7-43DA-4216-ABEF-9BF68C452D2B}.Debug|Win32.ActiveCfg = Debug|Win32
		{A4A932B7-43DA-4216-ABEF-9BF68C452D2B}.Debug|Win32.Build.0 = Debug|Win32
		{A4A932B7-43DA-4216-ABEF-9BF68C452D2B}.DLL Debug|Win32.ActiveCfg = DLL Debug|Win32
		{A4A932B7-43DA-4216-ABEF-9BF68C452D2B}.DLL Debug|Win32.Build.0 = DLL Debug|Win32
		{A4A932B7-43DA-4216-ABEF-9BF68C452D2B}.DLL Release|Win32.ActiveCfg = DLL Release|Win32
		{A4A932B7-43DA-4216-ABEF-9BF68C452D2B}.DLL Release|Win32.Build.0 = DLL Release|Win32
		{A4A932B7-43DA-4216-ABEF-9BF68C452D2B}.DLL Unicode Debug|Win32.ActiveCfg = DLL Unicode Debug|Win32
		{A4A932B7-43DA-4216-ABEF-9BF68C452D2B}.DLL Unicode Debug|Win32.Build.0 = DLL Unicode Debug|Win32
		{A4A932B7-43DA-4216-ABEF-9BF68C452D2B}.DLL Unicode Release|Win32.ActiveCfg = DLL Unicode Release|Win32
		{A4A932B7-43DA-4216-ABEF-9BF68C452D2B}.DLL Unicode Release|Win32.Build.0 = DLL Unicode Release|Win32
		{A4A932B7-43DA-4216-ABEF-9BF68C452D2B}.DLL Universal Debug|Win32.ActiveCfg = DLL Universal Debug|Win32
		{A4A932B7-43DA-4216-ABEF-9BF68C452D2B}.DLL Universal Debug|Win32.Build.0 = DLL Universal Debug|Win32
		{A4A932B7-43DA-4216-ABEF-9BF68C452D2B}.DLL Universal Release|Win32.ActiveCfg = DLL Universal Release|Win32
		{A4A932B7-43DA-4216-ABEF-9BF68C452D2B}.DLL Universal Release|Win32.Build.0 = DLL Universal Release|Win32
		{A4A932B7-43DA-4216-ABEF-9BF68C452D2B}.DLL Universal Unicode Debug|Win32.ActiveCfg = DLL Universal Unicode Debug|Win32
		{A4A932B7-43DA-4216-ABEF-9BF68C452D2B}.DLL Universal Unicode Debug|Win32.Build.0 = DLL Universal Unicode Debug|Win32
		{A4A932B7-43DA-4216-ABEF-9BF68C452D2B}.DLL Universal Unicode Release|Win32.ActiveCfg = DLL Universal Unicode Release|Win32
		{A4A932B7-43DA-4216-ABEF-9BF68C452D2B}.DLL Universal Unicode Release|Win32.Build.0 = DLL Universal Unicode Release|Win32
		{A4A932B7-43DA-4216-ABEF-9BF68C452D2B}.Release|Win32.ActiveCfg = Release|Win32
		{A4A932B7-43DA-4216-ABEF-9BF68C452D2B}.Release|Win32.Build.0 = Release|Win32
		{A4A932B7-43DA-4216-ABEF-9BF68C452D2B}.Unicode Debug|Win32.ActiveCfg = Unicode Debug|Win32
		{A4A932B7-43DA-4216-ABEF-9BF68C452D2B}.Unicode Debug|Win32.Build.0 = Unicode Debug|Win32
		{A4A932B7-43DA-4216-ABEF-9BF68C452D2B}.Unicode Release|Win32.ActiveCfg = Unicode Release|Win32
		{A4A932B7-43DA-4216-ABEF-9BF68C452D2B}.Unicode Release|Win32.Build.0 = Unicode Release|Win32
		{A4A932B7-43DA-4216-ABEF-9BF68C452D2B}.Universal Debug|Win32.ActiveCfg = Universal Debug|Win32
		{A4A932B7-43DA-4216-ABEF-9BF68C452D2B}.Universal Debug|Win32.Build.0 = Universal Debug|Win32
		{A4A932B7-43DA-4216-ABEF-9BF68C452D2B}.Universal Release|Win32.ActiveCfg = Universal Release|Win32
		{A4A932B7-43DA-4216-ABEF-9BF68C452D2B}.Universal Release|Win32.Build.0 = Universal Release|Win32
		{A4A932B7-43DA-4216-ABEF-9BF68C452D2B}.Universal Unicode Debug|Win32.ActiveCfg = Universal Unicode Debug|Win32
		{A4A932B7-43DA-4216-ABEF-9BF68C452D2B}.Universal Unicode Debug|Win32.Build.0 = Universal Unicode Debug|Win32
		{A4A932B7-43DA-4216-ABEF-9BF68C452D2B}.Universal Unicode Release|Win32.ActiveCfg = Universal Unicode Release|Win32
		{A4A932B7-43DA-4216-ABEF-9BF68C452D2B}.Universal Unicode Release|Win32.Build.0 = Universal Unicode Release|Win32
		{F6F4B8B3-3009-4697-B9C8-E72136E5940E}.Debug|Win32.ActiveCfg = Debug|Win32
		{F6F4B8B3-3009-4697-B9C8-E72136E5940E}.Debug|Win32.Build.0 = Debug|Win32
		{F6F4B8B3-3009-4697-B9C8-E72136E5940E}.DLL Debug|Win32.ActiveCfg = DLL Debug|Win32
		{F6F4B8B3-3009-4697-B9C8-E72136E5940E}.DLL Debug|Win32.Build.0 = DLL Debug|Win32
		{F6F4B8B3-3009-4697-B9C8-E72136E5940E}.DLL Release|Win32.ActiveCfg = DLL Release|Win32
		{F6F4B8B3-3009-4697-B9C8-E72136E5940E}.DLL Release|Win32.Build.0 = DLL Release|Win32
		{F6F4B8B3-3009-4697-B9C8-E72136E5940E}.DLL Unicode Debug|Win32.ActiveCfg = DLL Unicode Debug|Win32
		{F6F4B8B3-3009-4697-B9C8-E72136E5940E}.DLL Unicode Debug|Win32.Build.0 = DLL Unicode Debug|Win32
		{F6F4B8B3-3009-4697-B9C8-E72136E5940E}.DLL Unicode Release|Win32.ActiveCfg = DLL Unicode Release|Win32
		{F6F4B8B3-3009-4697-B9C8-E72136E5940E}.DLL Unicode Release|Win32.Build.0 = DLL Unicode Release|Win32
		{F6F4B8B3-3009-4697-B9C8-E72136E5940E}.DLL Universal Debug|Win32.ActiveCfg = DLL Universal Debug|Win32
		{F6F4B8B3-3009-4697-B9C8-E72136E5940E}.DLL Universal Debug|Win32.Build.0 = DLL Universal Debug|Win32
		{F6F4B8B3-3009-4697-B9C8-E72136E5940E}.DLL Universal Release|Win32.ActiveCfg = DLL Universal Release|Win32
		{F6F4B8B3-3009-4697-B9C8-E72136E5940E}.DLL Universal Release|Win32.Build.0 = DLL Universal Release|Win32
		{F6F4B8B3-3009-4697-B9C8-E72136E5940E}.DLL Universal Unicode Debug|Win32.ActiveCfg = DLL Universal Unicode Debug|Win32
		{F6F4B8B3-3009-4697-B9C8-E72136E5940E}.DLL Universal Unicode Debug|Win32.Build.0 = DLL Universal Unicode Debug|Win32
		{F6F4B8B3-3009-4697-B9C8-E72136E5940E}.DLL Universal Unicode Release|Win32.ActiveCfg = DLL Universal Unicode Release|Win32
		{F6F4B8B3-3009-4697-B9C8-E72136E5940E}.DLL Universal Unicode Release|Win32.Build.0 = DLL Universal Unicode Release|Win32
		{F6F4B8B3-3009-4697-B9C8-E72136E5940E}.Release|Win32.ActiveCfg = Release|Win32
		{F6F4B8B3-3009-4697-B9C8-E72136E5940E}.Release|Win32.Build.0 = Release|Win32
		{F6F4B8B3-3009-4697-B9C8-E72136E5940E}.Unicode Debug|Win32.ActiveCfg = Unicode Debug|Win32
		{F6F4B8B3-3009-4697-B9C8-E72136E5940E}.Unicode Debug|Win32.Build.0 = Unicode Debug|Win32
		{F6F4B8B3-3009-4697-B9C8-E72136E5940E}.Unicode Release|Win32.ActiveCfg = Unicode Release|Win32
		{F6F4B8B3-3009-4697-B9C8-E72136E5940E}.Unicode Release|Win32.Build.0 = Unicode Release|Win32
		{F6F4B8B3-3009-4697-B9C8-E72136E5940E}.Universal Debug|Win32.ActiveCfg = Universal Debug|Win32
		{F6F4B8B3-3009-4697-B9C8-E72136E5940E}.Universal Debug|Win32.Build.0 = Universal Debug|Win32
		{F6F4B8B3-3009-4697-B9C8-E72136E5940E}.Universal Release|Win32.ActiveCfg = Universal Release|Win32
		{F6F4B8B3-3009-4697-B9C8-E72136E5940E}.Universal Release|Win32.Build.0 = Universal Release|Win32
		{F6F4B8B3-3009-4697-B9C8-E72136E5940E}.Universal Unicode Debug|Win32.ActiveCfg = Universal Unicode Debug|Win32
		{F6F4B8B3-3009-4697-B9C8-E72136E5940E}.Universal Unicode Debug|Win32.Build.0 = Universal Unicode Debug|Win32
		{F6F4B8B3-3009-4697-B9C8-E72136E5940E}.Universal Unicode Release|Win32.ActiveCfg = Universal Unicode Release|Win32
		{F6F4B8B3-3009-4697-B9C8-E72136E5940E}.Universal Unicode Release|Win32.Build.0 = Universal Unicode Release|Win32
		{6A9BABFD-0C15-4569-A22E-9D78719BA357}.Debug|Win32.ActiveCfg = Debug|Win32
		{6A9BABFD-0C15-4569-A22E-9D78719BA357}.Debug|Win32.Build.0 = Debug|Win32
		{6A9BABFD-0C15-4569-A22E-9D78719BA357}.DLL Debug|Win32.ActiveCfg = DLL Debug|Win32
		{6A9BABFD-0C15-4569-A22E-9D78719BA357}.DLL Debug|Win32.Build.0 = DLL Debug|Win32
		{6A9BABFD-0C15-4569-A22E-9D78719BA357}.DLL Release|Win32.ActiveCfg = DLL Release|Win32
		{6A9BABFD-0C15-4569-A22E-9D78719BA357}.DLL Release|Win32.Build.0 = DLL Release|Win32
		{6A9BABFD-0C15-4569-A22E-9D78719BA357}.DLL Unicode Debug|Win32.ActiveCfg = DLL Unicode Debug|Win32
		{6A9BABFD-0C15-4569-A22E-9D78719BA357}.DLL Unicode Debug|Win32.Build.0 = DLL Unicode Debug|Win32
		{6A9BABFD-0C15-4569-A22E-9D78719BA357}.DLL Unicode Release|Win32.ActiveCfg = DLL Unicode Release|Win32
		{6A9BABFD-0C15-4569-A22E-9D78719BA357}.DLL Unicode Release|Win32.Build.0 = DLL Unicode Release|Win32
		{6A9BABFD-0C15-4569-A22E-9D78719BA357}.DLL Universal Debug|Win32.ActiveCfg = DLL Universal Debug|Win32
		{6A9BABFD-0C15-4569-A22E-9D78719BA357}.DLL Universal Debug|Win32.Build.0 = DLL Universal Debug|Win32
		{6A9BABFD-0C15-4569-A22E-9D78719BA357}.DLL Universal Release|Win32.ActiveCfg = DLL Universal Release|Win32
		{6A9BABFD-0C15-4569-A22E-9D78719BA357}.DLL Universal Release|Win32.Build.0 = DLL Universal Release|Win32
		{6A9BABFD-0C15-4569-A22E-9D78719BA357}.DLL Universal Unicode Debug|Win32.ActiveCfg = DLL Universal Unicode Debug|Win32
		{6A9BABFD-0C15-4569-A22E-9D78719BA357}.DLL Universal Unicode Debug|Win32.Build.0 = DLL Universal Unicode Debug|Win32
		{6A9BABFD-0C15-4569-A22E-9D78719BA357}.DLL Universal Unicode Release|Win32.ActiveCfg = DLL Universal Unicode Release|Win32
		{6A9BABFD-0C15-4569-A22E-9D78719BA357}.DLL Universal Unicode Release|Win32.Build.0 = DLL Universal Unicode Release|Win32
		{6A9BABFD-0C15-4569-A22E-9D78719BA357}.Release|Win32.ActiveCfg = Release|Win32
		{6A9BABFD-0C15-4569-A22E-9D78719BA357}.Release|Win32.Build.0 = Release|Win32
		{6A9BABFD-0C15-4569-A22E-9D78719BA357}.Unicode Debug|Win32.ActiveCfg = Unicode Debug|Win32
		{6A9BABFD-0C15-4569-A22E-9D78719BA357}.Unicode Debug|Win32.Build.0 = Unicode Debug|Win32
		{6A9BABFD-0C15-4569-A22E-9D78719BA357}.Unicode Release|Win32.ActiveCfg = Unicode Release|Win32
		{6A9BABFD-0C15-4569-A22E-9D78719BA357}.Unicode Release|Win32.Build.0 = Unicode Release|Win32
		{6A9BABFD-0C15-4569-A22E-9D78719BA357}.Universal Debug|Win32.ActiveCfg = Universal Debug|Win32
		{6A9BABFD-0C15-4569-A22E-9D78719BA357}.Universal Debug|Win32.Build.0 = Universal Debug|Win32
		{6A9BABFD-0C15-4569-A22E-9D78719BA357}.Universal Release|Win32.ActiveCfg = Universal Release|Win32
		{6A9BABFD-0C15-4569-A22E-9D78719BA357}.Universal Release|Win32.Build.0 = Universal Release|Win32
		{6A9BABFD-0C15-4569-A22E-9D78719BA357}.Universal Unicode Debug|Win32.ActiveCfg = Universal Unicode Debug|Win32
		{6A9BABFD-0C15-4569-A22E-9D78719BA357}.Universal Unicode Debug|Win32.Build.0 = Universal Unicode Debug|Win32
		{6A9BABFD-0C15-4569-A22E-9D78719BA357}.Universal Unicode Release|Win32.ActiveCfg = Universal Unicode Release|Win32
		{6A9BABFD-0C15-4569-A22E-9D78719BA357}.Universal Unicode Release|Win32.Build.0 = Universal Unicode Release|Win32
		{48F56E6A-0EB4-492F-A061-F27C0E8B1953}.Debug|Win32.ActiveCfg = Debug|Win32
		{48F56E6A-0EB4-492F-A061-F27C0E8B1953}.Debug|Win32.Build.0 = Debug|Win32
		{48F56E6A-0EB4-492F-A061-F27C0E8B1953}.DLL Debug|Win32.ActiveCfg = DLL Debug|Win32
		{48F56E6A-0EB4-492F-A061-F27C0E8B1953}.DLL Debug|Win32.Build.0 = DLL Debug|Win32
		{48F56E6A-0EB4-492F-A061-F27C0E8B1953}.DLL Release|Win32.ActiveCfg = DLL Release|Win32
		{48F56E6A-0EB4-492F-A061-F27C0E8B1953}.DLL Release|Win32.Build.0 = DLL Release|Win32
		{48F56E6A-0EB4-492F-A061-F27C0E8B1953}.DLL Unicode Debug|Win32.ActiveCfg = DLL Unicode Debug|Win32
		{48F56E6A-0EB4-492F-A061-F27C0E8B1953}.DLL Unicode Debug|Win32.Build.0 = DLL Unicode Debug|Win32
		{48F56E6A-0EB4-492F-A061-F27C0E8B1953}.DLL Unicode Release|Win32.ActiveCfg = DLL Unicode Release|Win32
		{48F56E6A-0EB4-492F-A061-F27C0E8B1953}.DLL Unicode Release|Win32.Build.0 = DLL Unicode Release|Win32
		{48F56E6A-0EB4-492F-A061-F27C0E8B1953}.DLL Universal Debug|Win32.ActiveCfg = DLL Universal Debug|Win32
		{48F56E6A-0EB4-492F-A061-F27C0E8B1953}.DLL Universal Debug|Win32.Build.0 = DLL Universal Debug|Win32
		{48F56E6A-0EB4-492F-A061-F27C0E8B1953}.DLL Universal Release|Win32.ActiveCfg = DLL Universal Release|Win32
		{48F56E6A-0EB4-492F-A061-F27C0E8B1953}.DLL Universal Release|Win32.Build.0 = DLL Universal Release|Win32
		{48F56E6A-0EB4-492F-A061-F27C0E8B1953}.DLL Universal Unicode Debug|Win32.ActiveCfg = DLL Universal Unicode Debug|Win32
		{48F56E6A-0EB4-492F-A061-F27C0E8B1953}.DLL Universal Unicode Debug|Win32.Build.0 = DLL Universal Unicode Debug|Win32
		{48F56E6A-0EB4-492F-A061-F27C0E8B1953}.DLL Universal Unicode Release|Win32.ActiveCfg = DLL Universal Unicode Release|Win32
		{48F56E6A-0EB4-492F-A061-F27C0E8B1953}.DLL Universal Unicode Release|Win32.Build.0 = DLL Universal Unicode Release|Win32
		{48F56E6A-0EB4-492F-A061-F27C0E8B1953}.Release|Win32.ActiveCfg = Release|Win32
		{48F56E6A-0EB4-492F-A061-F27C0E8B1953}.Release|Win32.Build.0 = Release|Win32
		{48F56E6A-0EB4-492F-A061-F27C0E8B1953}.Unicode Debug|Win32.ActiveCfg = Unicode Debug|Win32
		{48F56E6A-0EB4-492F-A061-F27C0E8B1953}.Unicode Debug|Win32.Build.0 = Unicode Debug|Win32
		{48F56E6A-0EB4-492F-A061-F27C0E8B1953}.Unicode Release|Win32.ActiveCfg = Unicode Release|Win32
		{48F56E6A-0EB4-492F-A061-F27C0E8B1953}.Unicode Release|Win32.Build.0 = Unicode Release|Win32
		{48F56E6A-0EB4-492F-A061-F27C0E8B1953}.Universal Debug|Win32.ActiveCfg = Universal Debug|Win32
		{48F56E6A-0EB4-492F-A061-F27C0E8B1953}.Universal Debug|Win32.Build.0 = Universal Debug|Win32
		{48F56E6A-0EB4-492F-A061-F27C0E8B1953}.Universal Release|Win32.ActiveCfg = Universal Release|Win32
		{48F56E6A-0EB4-492F-A061-F27C0E8B1953}.Universal Release|Win32.Build.0 = Universal Release|Win32
		{48F56E6A-0EB4-492F-A061-F27C0E8B1953}.Universal Unicode Debug|Win32.ActiveCfg = Universal Unicode Debug|Win32
		{48F56E6A-0EB4-492F-A061-F27C0E8B1953}.Universal Unicode Debug|Win32.Build.0 = Universal Unicode Debug|Win32
		{48F56E6A-0EB4-492F-A061-F27C0E8B1953}.Universal Unicode Release|Win32.ActiveCfg = Universal Unicode Release|Win32
		{48F56E6A-0EB4-492F-A061-F27C0E8B1953}.Universal Unicode Release|Win32.Build.0 = Universal Unicode Release|Win32
		{26F69092-4358-45E9-8BEB-1E6C9DE9981A}.Debug|Win32.ActiveCfg = Debug|Win32
		{26F69092-4358-45E9-8BEB-1E6C9DE9981A}.Debug|Win32.Build.0 = Debug|Win32
		{26F69092-4358-45E9-8BEB-1E6C9DE9981A}.DLL Debug|Win32.ActiveCfg = DLL Debug|Win32
		{26F69092-4358-45E9-8BEB-1E6C9DE9981A}.DLL Debug|Win32.Build.0 = DLL Debug|Win32
		{26F69092-4358-45E9-8BEB-1E6C9DE9981A}.DLL Release|Win32.ActiveCfg = DLL Release|Win32
		{26F69092-4358-45E9-8BEB-1E6C9DE9981A}.DLL Release|Win32.Build.0 = DLL Release|Win32
		{26F69092-4358-45E9-8BEB-1E6C9DE9981A}.DLL Unicode Debug|Win32.ActiveCfg = DLL Unicode Debug|Win32
		{26F69092-4358-45E9-8BEB-1E6C9DE9981A}.DLL Unicode Debug|Win32.Build.0 = DLL Unicode Debug|Win32
		{26F69092-4358-45E9-8BEB-1E6C9DE9981A}.DLL Unicode Release|Win32.ActiveCfg = DLL Unicode Release|Win32
		{26F69092-4358-45E9-8BEB-1E6C9DE9981A}.DLL Unicode Release|Win32.Build.0 = DLL Unicode Release|Win32
		{26F69092-4358-45E9-8BEB-1E6C9DE9981A}.DLL Universal Debug|Win32.ActiveCfg = DLL Universal Debug|Win32
		{26F69092-4358-45E9-8BEB-1E6C9DE9981A}.DLL Universal Debug|Win32.Build.0 = DLL Universal Debug|Win32
		{26F69092-4358-45E9-8BEB-1E6C9DE9981A}.DLL Universal Release|Win32.ActiveCfg = DLL Universal Release|Win32
		{26F69092-4358-45E9-8BEB-1E6C9DE9981A}.DLL Universal Release|Win32.Build.0 = DLL Universal Release|Win32
		{26F69092-4358-45E9-8BEB-1E6C9DE9981A}.DLL Universal Unicode Debug|Win32.ActiveCfg = DLL Universal Unicode Debug|Win32
		{26F69092-4358-45E9-8BEB-1E6C9DE9981A}.DLL Universal Unicode Debug|Win32.Build.0 = DLL Universal Unicode Debug|Win32
		{26F69092-4358-45E9-8BEB-1E6C9DE9981A}.DLL Universal Unicode Release|Win32.ActiveCfg = DLL Universal Unicode Release|Win32
		{26F69092-4358-45E9-8BEB-1E6C9DE9981A}.DLL Universal Unicode Release|Win32.Build.0 = DLL Universal Unicode Release|Win32
		{26F69092-4358-45E9-8BEB-1E6C9DE9981A}.Release|Win32.ActiveCfg = Release|Win32
		{26F69092-4358-45E9-8BEB-1E6C9DE9981A}.Release|Win32.Build.0 = Release|Win32
		{26F69092-4358-45E9-8BEB-1E6C9DE9981A}.Unicode Debug|Win32.ActiveCfg = Unicode Debug|Win32
		{26F69092-4358-45E9-8BEB-1E6C9DE9981A}.Unicode Debug|Win32.Build.0 = Unicode Debug|Win32
		{26F69092-4358-45E9-8BEB-1E6C9DE9981A}.Unicode Release|Win32.ActiveCfg = Unicode Release|Win32
		{26F69092-4358-45E9-8BEB-1E6C9DE9981A}.Unicode Release|Win32.Build.0 = Unicode Release|Win32
		{26F69092-4358-45E9-8BEB-1E6C9DE9981A}.Universal Debug|Win32.ActiveCfg = Universal Debug|Win32
		{26F69092-4358-45E9-8BEB-1E6C9DE9981A}.Universal Debug|Win32.Build.0 = Universal Debug|Win32
		{26F69092-4358-45E9-8BEB-1E6C9DE9981A}.Universal Release|Win32.ActiveCfg = Universal Release|Win32
		{26F69092-4358-45E9-8BEB-1E6C9DE9981A}.Universal Release|Win32.Build.0 = Universal Release|Win32
		{26F69092-4358-45E9-8BEB-1E6C9DE9981A}.Universal Unicode Debug|Win32.ActiveCfg = Universal Unicode Debug|Win32
		{26F69092-4358-45E9-8BEB-1E6C9DE9981A}.Universal Unicode Debug|Win32.Build.0 = Universal Unicode Debug|Win32
		{26F69092-4358-45E9-8BEB-1E6C9DE9981A}.Universal Unicode Release|Win32.ActiveCfg = Universal Unicode Release|Win32
		{26F69092-4358-45E9-8BEB-1E6C9DE9981A}.Universal Unicode Release|Win32.Build.0 = Universal Unicode Release|Win32
		{36E76791-5BAA-4C74-BF4C-87EE4F431DEF}.Debug|Win32.ActiveCfg = Debug|Win32
		{36E76791-5BAA-4C74-BF4C-87EE4F431DEF}.Debug|Win32.Build.0 = Debug|Win32
		{36E76791-5BAA-4C74-BF4C-87EE4F431DEF}.DLL Debug|Win32.ActiveCfg = DLL Debug|Win32
		{36E76791-5BAA-4C74-BF4C-87EE4F431DEF}.DLL Debug|Win32.Build.0 = DLL Debug|Win32
		{36E76791-5BAA-4C74-BF4C-87EE4F431DEF}.DLL Release|Win32.ActiveCfg = DLL Release|Win32
		{36E76791-5BAA-4C74-BF4C-87EE4F431DEF}.DLL Release|Win32.Build.0 = DLL Release|Win32
		{36E76791-5BAA-4C74-BF4C-87EE4F431DEF}.DLL Unicode Debug|Win32.ActiveCfg = DLL Unicode Debug|Win32
		{36E76791-5BAA-4C74-BF4C-87EE4F431DEF}.DLL Unicode Debug|Win32.Build.0 = DLL Unicode Debug|Win32
		{36E76791-5BAA-4C74-BF4C-87EE4F431DEF}.DLL Unicode Release|Win32.ActiveCfg = DLL Unicode Release|Win32
		{36E76791-5BAA-4C74-BF4C-87EE4F431DEF}.DLL Unicode Release|Win32.Build.0 = DLL Unicode Release|Win32
		{36E76791-5BAA-4C74-BF4C-87EE4F431DEF}.DLL Universal Debug|Win32.ActiveCfg = DLL Universal Debug|Win32
		{36E76791-5BAA-4C74-BF4C-87EE4F431DEF}.DLL Universal Debug|Win32.Build.0 = DLL Universal Debug|Win32
		{36E76791-5BAA-4C74-BF4C-87EE4F431DEF}.DLL Universal Release|Win32.ActiveCfg = DLL Universal Release|Win32
		{36E76791-5BAA-4C74-BF4C-87EE4F431DEF}.DLL Universal Release|Win32.Build.0 = DLL Universal Release|Win32
		{36E76791-5BAA-4C74-BF4C-87EE4F431DEF}.DLL Universal Unicode Debug|Win32.ActiveCfg = DLL Universal Unicode Debug|Win32
		{36E76791-5BAA-4C74-BF4C-87EE4F431DEF}.DLL Universal Unicode Debug|Win32.Build.0 = DLL Universal Unicode Debug|Win32
		{36E76791-5BAA-4C74-BF4C-87EE4F431DEF}.DLL Universal Unicode Release|Win32.ActiveCfg = DLL Universal Unicode Release|Win32
		{36E76791-5BAA-4C74-BF4C-87EE4F431DEF}.DLL Universal Unicode Release|Win32.Build.0 = DLL Universal Unicode Release|Win32
		{36E76791-5BAA-4C74-BF4C-87EE4F431DEF}.Release|Win32.ActiveCfg = Release|Win32
		{36E76791-5BAA-4C74-BF4C-87EE4F431DEF}.Release|Win32.Build.0 = Release|Win32
		{36E76791-5BAA-4C74-BF4C-87EE4F431DEF}.Unicode Debug|Win32.ActiveCfg = Unicode Debug|Win32
		{36E76791-5BAA-4C74-BF4C-87EE4F431DEF}.Unicode Debug|Win32.Build.0 = Unicode Debug|Win32
		{36E76791-5BAA-4C74-BF4C-87EE4F431DEF}.Unicode Release|Win32.ActiveCfg = Unicode Release|Win32
		{36E76791-5BAA-4C74-BF4C-87EE4F431DEF}.Unicode Release|Win32.Build.0 = Unicode Release|Win32
		{36E76791-5BAA-4C74-BF4C-87EE4F431DEF}.Universal Debug|Win32.ActiveCfg = Universal Debug|Win32
		{36E76791-5BAA-4C74-BF4C-87EE4F431DEF}.Universal Debug|Win32.Build.0 = Universal Debug|Win32
		{36E76791-5BAA-4C74-BF4C-87EE4F431DEF}.Universal Release|Win32.ActiveCfg = Universal Release|Win32
		{36E76791-5BAA-4C74-BF4C-87EE4F431DEF}.Universal Release|Win32.Build.0 = Universal Release|Win32
		{36E76791-5BAA-4C74-BF4C-87EE4F431DEF}.Universal Unicode Debug|Win32.ActiveCfg = Universal Unicode Debug|Win32
		{36E76791-5BAA-4C74-BF4C-87EE4F431DEF}.Universal Unicode Debug|Win32.Build.0 = Universal Unicode Debug|Win32
		{36E76791-5BAA-4C74-BF4C-87EE4F431DEF}.Universal Unicode Release|Win32.ActiveCfg = Universal Unicode Release|Win32
		{36E76791-5BAA-4C74-BF4C-87EE4F431DEF}.Universal Unicode Release|Win32.Build.0 = Universal Unicode Release|Win32
		{80F35D55-B492-48F6-9603-25E8B017D6F9}.Debug|Win32.ActiveCfg = Debug|Win32
		{80F35D55-B492-48F6-9603-25E8B017D6F9}.Debug|Win32.Build.0 = Debug|Win32
		{80F35D55-B492-48F6-9603-25E8B017D6F9}.DLL Debug|Win32.ActiveCfg = DLL Debug|Win32
		{80F35D55-B492-48F6-9603-25E8B017D6F9}.DLL Debug|Win32.Build.0 = DLL Debug|Win32
		{80F35D55-B492-48F6-9603-25E8B017D6F9}.DLL Release|Win32.ActiveCfg = DLL Release|Win32
		{80F35D55-B492-48F6-9603-25E8B017D6F9}.DLL Release|Win32.Build.0 = DLL Release|Win32
		{80F35D55-B492-48F6-9603-25E8B017D6F9}.DLL Unicode Debug|Win32.ActiveCfg = DLL Unicode Debug|Win32
		{80F35D55-B492-48F6-9603-25E8B017D6F9}.DLL Unicode Debug|Win32.Build.0 = DLL Unicode Debug|Win32
		{80F35D55-B492-48F6-9603-25E8B017D6F9}.DLL Unicode Release|Win32.ActiveCfg = DLL Unicode Release|Win32
		{80F35D55-B492-48F6-9603-25E8B017D6F9}.DLL Unicode Release|Win32.Build.0 = DLL Unicode Release|Win32
		{80F35D55-B492-48F6-9603-25E8B017D6F9}.DLL Universal Debug|Win32.ActiveCfg = DLL Universal Debug|Win32
		{80F35D55-B492-48F6-9603-25E8B017D6F9}.DLL Universal Debug|Win32.Build.0 = DLL Universal Debug|Win32
		{80F35D55-B492-48F6-9603-25E8B017D6F9}.DLL Universal Release|Win32.ActiveCfg = DLL Universal Release|Win32
		{80F35D55-B492-48F6-9603-25E8B017D6F9}.DLL Universal Release|Win32.Build.0 = DLL Universal Release|Win32
		{80F35D55-B492-48F6-9603-25E8B017D6F9}.DLL Universal Unicode Debug|Win32.ActiveCfg = DLL Universal Unicode Debug|Win32
		{80F35D55-B492-48F6-9603-25E8B017D6F9}.DLL Universal Unicode Debug|Win32.Build.0 = DLL Universal Unicode Debug|Win32
		{80F35D55-B492-48F6-9603-25E8B017D6F9}.DLL Universal Unicode Release|Win32.ActiveCfg = DLL Universal Unicode Release|Win32
		{80F35D55-B492-48F6-9603-25E8B017D6F9}.DLL Universal Unicode Release|Win32.Build.0 = DLL Universal Unicode Release|Win32
		{80F35D55-B492-48F6-9603-25E8B017D6F9}.Release|Win32.ActiveCfg = Release|Win32
		{80F35D55-B492-48F6-9603-25E8B017D6F9}.Release|Win32.Build.0 = Release|Win32
		{80F35D55-B492-48F6-9603-25E8B017D6F9}.Unicode Debug|Win32.ActiveCfg = Unicode Debug|Win32
		{80F35D55-B492-48F6-9603-25E8B017D6F9}.Unicode Debug|Win32.Build.0 = Unicode Debug|Win32
		{80F35D55-B492-48F6-9603-25E8B017D6F9}.Unicode Release|Win32.ActiveCfg = Unicode Release|Win32
		{80F35D55-B492-48F6-9603-25E8B017D6F9}.Unicode Release|Win32.Build.0 = Unicode Release|Win32
		{80F35D55-B492-48F6-9603-25E8B017D6F9}.Universal Debug|Win32.ActiveCfg = Universal Debug|Win32
		{80F35D55-B492-48F6-9603-25E8B017D6F9}.Universal Debug|Win32.Build.0 = Universal Debug|Win32
		{80F35D55-B492-48F6-9603-25E8B017D6F9}.Universal Release|Win32.ActiveCfg = Universal Release|Win32
		{80F35D55-B492-48F6-9603-25E8B017D6F9}.Universal Release|Win32.Build.0 = Universal Release|Win32
		{80F35D55-B492-48F6-9603-25E8B017D6F9}.Universal Unicode Debug|Win32.ActiveCfg = Universal Unicode Debug|Win32
		{80F35D55-B492-48F6-9603-25E8B017D6F9}.Universal Unicode Debug|Win32.Build.0 = Universal Unicode Debug|Win32
		{80F35D55-B492-48F6-9603-25E8B017D6F9}.Universal Unicode Release|Win32.ActiveCfg = Universal Unicode Release|Win32
		{80F35D55-B492-48F6-9603-25E8B017D6F9}.Universal Unicode Release|Win32.Build.0 = Universal Unicode Release|Win32
		{51593F94-71C5-4F0C-A843-C4B9E8C02717}.Debug|Win32.ActiveCfg = Debug|Win32
		{51593F94-71C5-4F0C-A843-C4B9E8C02717}.Debug|Win32.Build.0 = Debug|Win32
		{51593F94-71C5-4F0C-A843-C4B9E8C02717}.DLL Debug|Win32.ActiveCfg = DLL Debug|Win32
		{51593F94-71C5-4F0C-A843-C4B9E8C02717}.DLL Debug|Win32.Build.0 = DLL Debug|Win32
		{51593F94-71C5-4F0C-A843-C4B9E8C02717}.DLL Release|Win32.ActiveCfg = DLL Release|Win32
		{51593F94-71C5-4F0C-A843-C4B9E8C02717}.DLL Release|Win32.Build.0 = DLL Release|Win32
		{51593F94-71C5-4F0C-A843-C4B9E8C02717}.DLL Unicode Debug|Win32.ActiveCfg = DLL Unicode Debug|Win32
		{51593F94-71C5-4F0C-A843-C4B9E8C02717}.DLL Unicode Debug|Win32.Build.0 = DLL Unicode Debug|Win32
		{51593F94-71C5-4F0C-A843-C4B9E8C02717}.DLL Unicode Release|Win32.ActiveCfg = DLL Unicode Release|Win32
		{51593F94-71C5-4F0C-A843-C4B9E8C02717}.DLL Unicode Release|Win32.Build.0 = DLL Unicode Release|Win32
		{51593F94-71C5-4F0C-A843-C4B9E8C02717}.DLL Universal Debug|Win32.ActiveCfg = DLL Universal Debug|Win32
		{51593F94-71C5-4F0C-A843-C4B9E8C02717}.DLL Universal Debug|Win32.Build.0 = DLL Universal Debug|Win32
		{51593F94-71C5-4F0C-A843-C4B9E8C02717}.DLL Universal Release|Win32.ActiveCfg = DLL Universal Release|Win32
		{51593F94-71C5-4F0C-A843-C4B9E8C02717}.DLL Universal Release|Win32.Build.0 = DLL Universal Release|Win32
		{51593F94-71C5-4F0C-A843-C4B9E8C02717}.DLL Universal Unicode Debug|Win32.ActiveCfg = DLL Universal Unicode Debug|Win32
		{51593F94-71C5-4F0C-A843-C4B9E8C02717}.DLL Universal Unicode Debug|Win32.Build.0 = DLL Universal Unicode Debug|Win32
		{51593F94-71C5-4F0C-A843-C4B9E8C02717}.DLL Universal Unicode Release|Win32.ActiveCfg = DLL Universal Unicode Release|Win32
		{51593F94-71C5-4F0C-A843-C4B9E8C02717}.DLL Universal Unicode Release|Win32.Build.0 = DLL Universal Unicode Release|Win32
		{51593F94-71C5-4F0C-A843-C4B9E8C02717}.Release|Win32.ActiveCfg = Release|Win32
		{51593F94-71C5-4F0C-A843-C4B9E8C02717}.Release|Win32.Build.0 = Release|Win32
		{51593F94-71C5-4F0C-A843-C4B9E8C02717}.Unicode Debug|Win32.ActiveCfg = Unicode Debug|Win32
		{51593F94-71C5-4F0C-A843-C4B9E8C02717}.Unicode Debug|Win32.Build.0 = Unicode Debug|Win32
		{51593F94-71C5-4F0C-A843-C4B9E8C02717}.Unicode Release|Win32.ActiveCfg = Unicode Release|Win32
		{51593F94-71C5-4F0C-A843-C4B9E8C02717}.Unicode Release|Win32.Build.0 = Unicode Release|Win32
		{51593F94-71C5-4F0C-A843-C4B9E8C02717}.Universal Debug|Win32.ActiveCfg = Universal Debug|Win32
		{51593F94-71C5-4F0C-A843-C4B9E8C02717}.Universal Debug|Win32.Build.0 = Universal Debug|Win32
		{51593F94-71C5-4F0C-A843-C4B9E8C02717}.Universal Release|Win32.ActiveCfg = Universal Release|Win32
		{51593F94-71C5-4F0C-A843-C4B9E8C02717}.Universal Release|Win32.Build.0 = Universal Release|Win32
		{51593F94-71C5-4F0C-A843-C4B9E8C02717}.Universal Unicode Debug|Win32.ActiveCfg = Universal Unicode Debug|Win32
		{51593F94-71C5-4F0C-A843-C4B9E8C02717}.Universal Unicode Debug|Win32.Build.0 = Universal Unicode Debug|Win32
		{51593F94-71C5-4F0C-A843-C4B9E8C02717}.Universal Unicode Release|Win32.ActiveCfg = Universal Unicode Release|Win32
		{51593F94-71C5-4F0C-A843-C4B9E8C02717}.Universal Unicode Release|Win32.Build.0 = Universal Unicode Release|Win32
		{38B6ABA4-680B-4D7E-A9C7-A841A13393B2}.Debug|Win32.ActiveCfg = Debug|Win32
		{38B6ABA4-680B-4D7E-A9C7-A841A13393B2}.Debug|Win32.Build.0 = Debug|Win32
		{38B6ABA4-680B-4D7E-A9C7-A841A13393B2}.DLL Debug|Win32.ActiveCfg = DLL Debug|Win32
		{38B6ABA4-680B-4D7E-A9C7-A841A13393B2}.DLL Debug|Win32.Build.0 = DLL Debug|Win32
		{38B6ABA4-680B-4D7E-A9C7-A841A13393B2}.DLL Release|Win32.ActiveCfg = DLL Release|Win32
		{38B6ABA4-680B-4D7E-A9C7-A841A13393B2}.DLL Release|Win32.Build.0 = DLL Release|Win32
		{38B6ABA4-680B-4D7E-A9C7-A841A13393B2}.DLL Unicode Debug|Win32.ActiveCfg = DLL Unicode Debug|Win32
		{38B6ABA4-680B-4D7E-A9C7-A841A13393B2}.DLL Unicode Debug|Win32.Build.0 = DLL Unicode Debug|Win32
		{38B6ABA4-680B-4D7E-A9C7-A841A13393B2}.DLL Unicode Release|Win32.ActiveCfg = DLL Unicode Release|Win32
		{38B6ABA4-680B-4D7E-A9C7-A841A13393B2}.DLL Unicode Release|Win32.Build.0 = DLL Unicode Release|Win32
		{38B6ABA4-680B-4D7E-A9C7-A841A13393B2}.DLL Universal Debug|Win32.ActiveCfg = DLL Universal Debug|Win32
		{38B6ABA4-680B-4D7E-A9C7-A841A13393B2}.DLL Universal Debug|Win32.Build.0 = DLL Universal Debug|Win32
		{38B6ABA4-680B-4D7E-A9C7-A841A13393B2}.DLL Universal Release|Win32.ActiveCfg = DLL Universal Release|Win32
		{38B6ABA4-680B-4D7E-A9C7-A841A13393B2}.DLL Universal Release|Win32.Build.0 = DLL Universal Release|Win32
		{38B6ABA4-680B-4D7E-A9C7-A841A13393B2}.DLL Universal Unicode Debug|Win32.ActiveCfg = DLL Universal Unicode Debug|Win32
		{38B6ABA4-680B-4D7E-A9C7-A841A13393B2}.DLL Universal Unicode Debug|Win32.Build.0 = DLL Universal Unicode Debug|Win32
		{38B6ABA4-680B-4D7E-A9C7-A841A13393B2}.DLL Universal Unicode Release|Win32.ActiveCfg = DLL Universal Unicode Release|Win32
		{38B6ABA4-680B-4D7E-A9C7-A841A13393B2}.DLL Universal Unicode Release|Win32.Build.0 = DLL Universal Unicode Release|Win32
		{38B6ABA4-680B-4D7E-A9C7-A841A13393B2}.Release|Win32.ActiveCfg = Release|Win32
		{38B6ABA4-680B-4D7E-A9C7-A841A13393B2}.Release|Win32.Build.0 = Release|Win32
		{38B6ABA4-680B-4D7E-A9C7-A841A13393B2}.Unicode Debug|Win32.ActiveCfg = Unicode Debug|Win32
		{38B6ABA4-680B-4D7E-A9C7-A841A13393B2}.Unicode Debug|Win32.Build.0 = Unicode Debug|Win32
		{38B6ABA4-680B-4D7E-A9C7-A841A13393B2}.Unicode Release|Win32.ActiveCfg = Unicode Release|Win32
		{38B6ABA4-680B-4D7E-A9C7-A841A13393B2}.Unicode Release|Win32.Build.0 = Unicode Release|Win32
		{38B6ABA4-680B-4D7E-A9C7-A841A13393B2}.Universal Debug|Win32.ActiveCfg = Universal Debug|Win32
		{38B6ABA4-680B-4D7E-A9C7-A841A13393B2}.Universal Debug|Win32.Build.0 = Universal Debug|Win32
		{38B6ABA4-680B-4D7E-A9C7-A841A13393B2}.Universal Release|Win32.ActiveCfg = Universal Release|Win32
		{38B6ABA4-680B-4D7E-A9C7-A841A13393B2}.Universal Release|Win32.Build.0 = Universal Release|Win32
		{38B6ABA4-680B-4D7E-A9C7-A841A13393B2}.Universal Unicode Debug|Win32.ActiveCfg = Universal Unicode Debug|Win32
		{38B6ABA4-680B-4D7E-A9C7-A841A13393B2}.Universal Unicode Debug|Win32.Build.0 = Universal Unicode Debug|Win32
		{38B6ABA4-680B-4D7E-A9C7-A841A13393B2}.Universal Unicode Release|Win32.ActiveCfg = Universal Unicode Release|Win32
		{38B6ABA4-680B-4D7E-A9C7-A841A13393B2}.Universal Unicode Release|Win32.Build.0 = Universal Unicode Release|Win32
		{5BFD40A3-FDAC-4071-BAC7-AA3015006F6F}.Debug|Win32.ActiveCfg = Debug|Win32
		{5BFD40A3-FDAC-4071-BAC7-AA3015006F6F}.Debug|Win32.Build.0 = Debug|Win32
		{5BFD40A3-FDAC-4071-BAC7-AA3015006F6F}.DLL Debug|Win32.ActiveCfg = DLL Debug|Win32
		{5BFD40A3-FDAC-4071-BAC7-AA3015006F6F}.DLL Debug|Win32.Build.0 = DLL Debug|Win32
		{5BFD40A3-FDAC-4071-BAC7-AA3015006F6F}.DLL Release|Win32.ActiveCfg = DLL Release|Win32
		{5BFD40A3-FDAC-4071-BAC7-AA3015006F6F}.DLL Release|Win32.Build.0 = DLL Release|Win32
		{5BFD40A3-FDAC-4071-BAC7-AA3015006F6F}.DLL Unicode Debug|Win32.ActiveCfg = DLL Unicode Debug|Win32
		{5BFD40A3-FDAC-4071-BAC7-AA3015006F6F}.DLL Unicode Debug|Win32.Build.0 = DLL Unicode Debug|Win32
		{5BFD40A3-FDAC-4071-BAC7-AA3015006F6F}.DLL Unicode Release|Win32.ActiveCfg = DLL Unicode Release|Win32
		{5BFD40A3-FDAC-4071-BAC7-AA3015006F6F}.DLL Unicode Release|Win32.Build.0 = DLL Unicode Release|Win32
		{5BFD40A3-FDAC-4071-BAC7-AA3015006F6F}.DLL Universal Debug|Win32.ActiveCfg = DLL Universal Debug|Win32
		{5BFD40A3-FDAC-4071-BAC7-AA3015006F6F}.DLL Universal Debug|Win32.Build.0 = DLL Universal Debug|Win32
		{5BFD40A3-FDAC-4071-BAC7-AA3015006F6F}.DLL Universal Release|Win32.ActiveCfg = DLL Universal Release|Win32
		{5BFD40A3-FDAC-4071-BAC7-AA3015006F6F}.DLL Universal Release|Win32.Build.0 = DLL Universal Release|Win32
		{5BFD40A3-FDAC-4071-BAC7-AA3015006F6F}.DLL Universal Unicode Debug|Win32.ActiveCfg = DLL Universal Unicode Debug|Win32
		{5BFD40A3-FDAC-4071-BAC7-AA3015006F6F}.DLL Universal Unicode Debug|Win32.Build.0 = DLL Universal Unicode Debug|Win32
		{5BFD40A3-FDAC-4071-BAC7-AA3015006F6F}.DLL Universal Unicode Release|Win32.ActiveCfg = DLL Universal Unicode Release|Win32
		{5BFD40A3-FDAC-4071-BAC7-AA3015006F6F}.DLL Universal Unicode Release|Win32.Build.0 = DLL Universal Unicode Release|Win32
		{5BFD40A3-FDAC-4071-BAC7-AA3015006F6F}.Release|Win32.ActiveCfg = Release|Win32
		{5BFD40A3-FDAC-4071-BAC7-AA3015006F6F}.Release|Win32.Build.0 = Release|Win32
		{5BFD40A3-FDAC-4071-BAC7-AA3015006F6F}.Unicode Debug|Win32.ActiveCfg = Unicode Debug|Win32
		{5BFD40A3-FDAC-4071-BAC7-AA3015006F6F}.Unicode Debug|Win32.Build.0 = Unicode Debug|Win32
		{5BFD40A3-FDAC-4071-BAC7-AA3015006F6F}.Unicode Release|Win32.ActiveCfg = Unicode Release|Win32
		{5BFD40A3-FDAC-4071-BAC7-AA3015006F6F}.Unicode Release|Win32.Build.0 = Unicode Release|Win32
		{5BFD40A3-FDAC-4071-BAC7-AA3015006F6F}.Universal Debug|Win32.ActiveCfg = Universal Debug|Win32
		{5BFD40A3-FDAC-4071-BAC7-AA3015006F6F}.Universal Debug|Win32.Build.0 = Universal Debug|Win32
		{5BFD40A3-FDAC-4071-BAC7-AA3015006F6F}.Universal Release|Win32.ActiveCfg = Universal Release|Win32
		{5BFD40A3-FDAC-4071-BAC7-AA3015006F6F}.Universal Release|Win32.Build.0 = Universal Release|Win32
		{5BFD40A3-FDAC-4071-BAC7-AA3015006F6F}.Universal Unicode Debug|Win32.ActiveCfg = Universal Unicode Debug|Win32
		{5BFD40A3-FDAC-4071-BAC7-AA3015006F6F}.Universal Unicode Debug|Win32.Build.0 = Universal Unicode Debug|Win32
		{5BFD40A3-FDAC-4071-BAC7-AA3015006F6F}.Universal Unicode Release|Win32.ActiveCfg = Universal Unicode Release|Win32
		{5BFD40A3-FDAC-4071-BAC7-AA3015006F6F}.Universal Unicode Release|Win32.Build.0 = Universal Unicode Release|Win32
		{0DAD407B-D9B9-403C-B552-473E34F9D095}.Debug|Win32.ActiveCfg = Debug|Win32
		{0DAD407B-D9B9-403C-B552-473E34F9D095}.Debug|Win32.Build.0 = Debug|Win32
		{0DAD407B-D9B9-403C-B552-473E34F9D095}.DLL Debug|Win32.ActiveCfg = DLL Debug|Win32
		{0DAD407B-D9B9-403C-B552-473E34F9D095}.DLL Debug|Win32.Build.0 = DLL Debug|Win32
		{0DAD407B-D9B9-403C-B552-473E34F9D095}.DLL Release|Win32.ActiveCfg = DLL Release|Win32
		{0DAD407B-D9B9-403C-B552-473E34F9D095}.DLL Release|Win32.Build.0 = DLL Release|Win32
		{0DAD407B-D9B9-403C-B552-473E34F9D095}.DLL Unicode Debug|Win32.ActiveCfg = DLL Unicode Debug|Win32
		{0DAD407B-D9B9-403C-B552-473E34F9D095}.DLL Unicode Debug|Win32.Build.0 = DLL Unicode Debug|Win32
		{0DAD407B-D9B9-403C-B552-473E34F9D095}.DLL Unicode Release|Win32.ActiveCfg = DLL Unicode Release|Win32
		{0DAD407B-D9B9-403C-B552-473E34F9D095}.DLL Unicode Release|Win32.Build.0 = DLL Unicode Release|Win32
		{0DAD407B-D9B9-403C-B552-473E34F9D095}.DLL Universal Debug|Win32.ActiveCfg = DLL Universal Debug|Win32
		{0DAD407B-D9B9-403C-B552-473E34F9D095}.DLL Universal Debug|Win32.Build.0 = DLL Universal Debug|Win32
		{0DAD407B-D9B9-403C-B552-473E34F9D095}.DLL Universal Release|Win32.ActiveCfg = DLL Universal Release|Win32
		{0DAD407B-D9B9-403C-B552-473E34F9D095}.DLL Universal Release|Win32.Build.0 = DLL Universal Release|Win32
		{0DAD407B-D9B9-403C-B552-473E34F9D095}.DLL Universal Unicode Debug|Win32.ActiveCfg = DLL Universal Unicode Debug|Win32
		{0DAD407B-D9B9-403C-B552-473E34F9D095}.DLL Universal Unicode Debug|Win32.Build.0 = DLL Universal Unicode Debug|Win32
		{0DAD407B-D9B9-403C-B552-473E34F9D095}.DLL Universal Unicode Release|Win32.ActiveCfg = DLL Universal Unicode Release|Win32
		{0DAD407B-D9B9-403C-B552-473E34F9D095}.DLL Universal Unicode Release|Win32.Build.0 = DLL Universal Unicode Release|Win32
		{0DAD407B-D9B9-403C-B552-473E34F9D095}.Release|Win32.ActiveCfg = Release|Win32
		{0DAD407B-D9B9-403C-B552-473E34F9D095}.Release|Win32.Build.0 = Release|Win32
		{0DAD407B-D9B9-403C-B552-473E34F9D095}.Unicode Debug|Win32.ActiveCfg = Unicode Debug|Win32
		{0DAD407B-D9B9-403C-B552-473E34F9D095}.Unicode Debug|Win32.Build.0 = Unicode Debug|Win32
		{0DAD407B-D9B9-403C-B552-473E34F9D095}.Unicode Release|Win32.ActiveCfg = Unicode Release|Win32
		{0DAD407B-D9B9-403C-B552-473E34F9D095}.Unicode Release|Win32.Build.0 = Unicode Release|Win32
		{0DAD407B-D9B9-403C-B552-473E34F9D095}.Universal Debug|Win32.ActiveCfg = Universal Debug|Win32
		{0DAD407B-D9B9-403C-B552-473E34F9D095}.Universal Debug|Win32.Build.0 = Universal Debug|Win32
		{0DAD407B-D9B9-403C-B552-473E34F9D095}.Universal Release|Win32.ActiveCfg = Universal Release|Win32
		{0DAD407B-D9B9-403C-B552-473E34F9D095}.Universal Release|Win32.Build.0 = Universal Release|Win32
		{0DAD407B-D9B9-403C-B552-473E34F9D095}.Universal Unicode Debug|Win32.ActiveCfg = Universal Unicode Debug|Win32
		{0DAD407B-D9B9-403C-B552-473E34F9D095}.Universal Unicode Debug|Win32.Build.0 = Universal Unicode Debug|Win32
		{0DAD407B-D9B9-403C-B552-473E34F9D095}.Universal Unicode Release|Win32.ActiveCfg = Universal Unicode Release|Win32
		{0DAD407B-D9B9-403C-B552-473E34F9D095}.Universal Unicode Release|Win32.Build.0 = Universal Unicode Release|Win32
		{02FE265A-B7A5-4CC4-AD91-C0E4F8A313C5}.Debug|Win32.ActiveCfg = Debug|Win32
		{02FE265A-B7A5-4CC4-AD91-C0E4F8A313C5}.Debug|Win32.Build.0 = Debug|Win32
		{02FE265A-B7A5-4CC4-AD91-C0E4F8A313C5}.DLL Debug|Win32.ActiveCfg = DLL Debug|Win32
		{02FE265A-B7A5-4CC4-AD91-C0E4F8A313C5}.DLL Debug|Win32.Build.0 = DLL Debug|Win32
		{02FE265A-B7A5-4CC4-AD91-C0E4F8A313C5}.DLL Release|Win32.ActiveCfg = DLL Release|Win32
		{02FE265A-B7A5-4CC4-AD91-C0E4F8A313C5}.DLL Release|Win32.Build.0 = DLL Release|Win32
		{02FE265A-B7A5-4CC4-AD91-C0E4F8A313C5}.DLL Unicode Debug|Win32.ActiveCfg = DLL Unicode Debug|Win32
		{02FE265A-B7A5-4CC4-AD91-C0E4F8A313C5}.DLL Unicode Debug|Win32.Build.0 = DLL Unicode Debug|Win32
		{02FE265A-B7A5-4CC4-AD91-C0E4F8A313C5}.DLL Unicode Release|Win32.ActiveCfg = DLL Unicode Release|Win32
		{02FE265A-B7A5-4CC4-AD91-C0E4F8A313C5}.DLL Unicode Release|Win32.Build.0 = DLL Unicode Release|Win32
		{02FE265A-B7A5-4CC4-AD91-C0E4F8A313C5}.DLL Universal Debug|Win32.ActiveCfg = DLL Universal Debug|Win32
		{02FE265A-B7A5-4CC4-AD91-C0E4F8A313C5}.DLL Universal Debug|Win32.Build.0 = DLL Universal Debug|Win32
		{02FE265A-B7A5-4CC4-AD91-C0E4F8A313C5}.DLL Universal Release|Win32.ActiveCfg = DLL Universal Release|Win32
		{02FE265A-B7A5-4CC4-AD91-C0E4F8A313C5}.DLL Universal Release|Win32.Build.0 = DLL Universal Release|Win32
		{02FE265A-B7A5-4CC4-AD91-C0E4F8A313C5}.DLL Universal Unicode Debug|Win32.ActiveCfg = DLL Universal Unicode Debug|Win32
		{02FE265A-B7A5-4CC4-AD91-C0E4F8A313C5}.DLL Universal Unicode Debug|Win32.Build.0 = DLL Universal Unicode Debug|Win32
		{02FE265A-B7A5-4CC4-AD91-C0E4F8A313C5}.DLL Universal Unicode Release|Win32.ActiveCfg = DLL Universal Unicode Release|Win32
		{02FE265A-B7A5-4CC4-AD91-C0E4F8A313C5}.DLL Universal Unicode Release|Win32.Build.0 = DLL Universal Unicode Release|Win32
		{02FE265A-B7A5-4CC4-AD91-C0E4F8A313C5}.Release|Win32.ActiveCfg = Release|Win32
		{02FE265A-B7A5-4CC4-AD91-C0E4F8A313C5}.Release|Win32.Build.0 = Release|Win32
		{02FE265A-B7A5-4CC4-AD91-C0E4F8A313C5}.Unicode Debug|Win32.ActiveCfg = Unicode Debug|Win32
		{02FE265A-B7A5-4CC4-AD91-C0E4F8A313C5}.Unicode Debug|Win32.Build.0 = Unicode Debug|Win32
		{02FE265A-B7A5-4CC4-AD91-C0E4F8A313C5}.Unicode Release|Win32.ActiveCfg = Unicode Release|Win32
		{02FE265A-B7A5-4CC4-AD91-C0E4F8A313C5}.Unicode Release|Win32.Build.0 = Unicode Release|Win32
		{02FE265A-B7A5-4CC4-AD91-C0E4F8A313C5}.Universal Debug|Win32.ActiveCfg = Universal Debug|Win32
		{02FE265A-B7A5-4CC4-AD91-C0E4F8A313C5}.Universal Debug|Win32.Build.0 = Universal Debug|Win32
		{02FE265A-B7A5-4CC4-AD91-C0E4F8A313C5}.Universal Release|Win32.ActiveCfg = Universal Release|Win32
		{02FE265A-B7A5-4CC4-AD91-C0E4F8A313C5}.Universal Release|Win32.Build.0 = Universal Release|Win32
		{02FE265A-B7A5-4CC4-AD91-C0E4F8A313C5}.Universal Unicode Debug|Win32.ActiveCfg = Universal Unicode Debug|Win32
		{02FE265A-B7A5-4CC4-AD91-C0E4F8A313C5}.Universal Unicode Debug|Win32.Build.0 = Universal Unicode Debug|Win32
		{02FE265A-B7A5-4CC4-AD91-C0E4F8A313C5}.Universal Unicode Release|Win32.ActiveCfg = Universal Unicode Release|Win32
		{02FE265A-B7A5-4CC4-AD91-C0E4F8A313C5}.Universal Unicode Release|Win32.Build.0 = Universal Unicode Release|Win32
		{9611D715-4B63-4934-8DD6-6C73FE2025BC}.Debug|Win32.ActiveCfg = Debug|Win32
		{9611D715-4B63-4934-8DD6-6C73FE2025BC}.Debug|Win32.Build.0 = Debug|Win32
		{9611D715-4B63-4934-8DD6-6C73FE2025BC}.DLL Debug|Win32.ActiveCfg = DLL Debug|Win32
		{9611D715-4B63-4934-8DD6-6C73FE2025BC}.DLL Debug|Win32.Build.0 = DLL Debug|Win32
		{9611D715-4B63-4934-8DD6-6C73FE2025BC}.DLL Release|Win32.ActiveCfg = DLL Release|Win32
		{9611D715-4B63-4934-8DD6-6C73FE2025BC}.DLL Release|Win32.Build.0 = DLL Release|Win32
		{9611D715-4B63-4934-8DD6-6C73FE2025BC}.DLL Unicode Debug|Win32.ActiveCfg = DLL Unicode Debug|Win32
		{9611D715-4B63-4934-8DD6-6C73FE2025BC}.DLL Unicode Debug|Win32.Build.0 = DLL Unicode Debug|Win32
		{9611D715-4B63-4934-8DD6-6C73FE2025BC}.DLL Unicode Release|Win32.ActiveCfg = DLL Unicode Release|Win32
		{9611D715-4B63-4934-8DD6-6C73FE2025BC}.DLL Unicode Release|Win32.Build.0 = DLL Unicode Release|Win32
		{9611D715-4B63-4934-8DD6-6C73FE2025BC}.DLL Universal Debug|Win32.ActiveCfg = DLL Universal Debug|Win32
		{9611D715-4B63-4934-8DD6-6C73FE2025BC}.DLL Universal Debug|Win32.Build.0 = DLL Universal Debug|Win32
		{9611D715-4B63-4934-8DD6-6C73FE2025BC}.DLL Universal Release|Win32.ActiveCfg = DLL Universal Release|Win32
		{9611D715-4B63-4934-8DD6-6C73FE2025BC}.DLL Universal Release|Win32.Build.0 = DLL Universal Release|Win32
		{9611D715-4B63-4934-8DD6-6C73FE2025BC}.DLL Universal Unicode Debug|Win32.ActiveCfg = DLL Universal Unicode Debug|Win32
		{9611D715-4B63-4934-8DD6-6C73FE2025BC}.DLL Universal Unicode Debug|Win32.Build.0 = DLL Universal Unicode Debug|Win32
		{9611D715-4B63-4934-8DD6-6C73FE2025BC}.DLL Universal Unicode Release|Win32.ActiveCfg = DLL Universal Unicode Release|Win32
		{9611D715-4B63-4934-8DD6-6C73FE2025BC}.DLL Universal Unicode Release|Win32.Build.0 = DLL Universal Unicode Release|Win32
		{9611D715-4B63-4934-8DD6-6C73FE2025BC}.Release|Win32.ActiveCfg = Release|Win32
		{9611D715-4B63-4934-8DD6-6C73FE2025BC}.Release|Win32.Build.0 = Release|Win32
		{9611D715-4B63-4934-8DD6-6C73FE2025BC}.Unicode Debug|Win32.ActiveCfg = Unicode Debug|Win32
		{9611D715-4B63-4934-8DD6-6C73FE2025BC}.Unicode Debug|Win32.Build.0 = Unicode Debug|Win32
		{9611D715-4B63-4934-8DD6-6C73FE2025BC}.Unicode Release|Win32.ActiveCfg = Unicode Release|Win32
		{9611D715-4B63-4934-8DD6-6C73FE2025BC}.Unicode Release|Win32.Build.0 = Unicode Release|Win32
		{9611D715-4B63-4934-8DD6-6C73FE2025BC}.Universal Debug|Win32.ActiveCfg = Universal Debug|Win32
		{9611D715-4B63-4934-8DD6-6C73FE2025BC}.Universal Debug|Win32.Build.0 = Universal Debug|Win32
		{9611D715-4B63-4934-8DD6-6C73FE2025BC}.Universal Release|Win32.ActiveCfg = Universal Release|Win32
		{9611D715-4B63-4934-8DD6-6C73FE2025BC}.Universal Release|Win32.Build.0 = Universal Release|Win32
		{9611D715-4B63-4934-8DD6-6C73FE2025BC}.Universal Unicode Debug|Win32.ActiveCfg = Universal Unicode Debug|Win32
		{9611D715-4B63-4934-8DD6-6C73FE2025BC}.Universal Unicode Debug|Win32.Build.0 = Universal Unicode Debug|Win32
		{9611D715-4B63-4934-8DD6-6C73FE2025BC}.Universal Unicode Release|Win32.ActiveCfg = Universal Unicode Release|Win32
		{9611D715-4B63-4934-8DD6-6C73FE2025BC}.Universal Unicode Release|Win32.Build.0 = Universal Unicode Release|Win32
		{1013E8D6-D725-433F-8E1C-3115FDB97D41}.Debug|Win32.ActiveCfg = Debug|Win32
		{1013E8D6-D725-433F-8E1C-3115FDB97D41}.Debug|Win32.Build.0 = Debug|Win32
		{1013E8D6-D725-433F-8E1C-3115FDB97D41}.DLL Debug|Win32.ActiveCfg = DLL Debug|Win32
		{1013E8D6-D725-433F-8E1C-3115FDB97D41}.DLL Debug|Win32.Build.0 = DLL Debug|Win32
		{1013E8D6-D725-433F-8E1C-3115FDB97D41}.DLL Release|Win32.ActiveCfg = DLL Release|Win32
		{1013E8D6-D725-433F-8E1C-3115FDB97D41}.DLL Release|Win32.Build.0 = DLL Release|Win32
		{1013E8D6-D725-433F-8E1C-3115FDB97D41}.DLL Unicode Debug|Win32.ActiveCfg = DLL Unicode Debug|Win32
		{1013E8D6-D725-433F-8E1C-3115FDB97D41}.DLL Unicode Debug|Win32.Build.0 = DLL Unicode Debug|Win32
		{1013E8D6-D725-433F-8E1C-3115FDB97D41}.DLL Unicode Release|Win32.ActiveCfg = DLL Unicode Release|Win32
		{1013E8D6-D725-433F-8E1C-3115FDB97D41}.DLL Unicode Release|Win32.Build.0 = DLL Unicode Release|Win32
		{1013E8D6-D725-433F-8E1C-3115FDB97D41}.DLL Universal Debug|Win32.ActiveCfg = DLL Universal Debug|Win32
		{1013E8D6-D725-433F-8E1C-3115FDB97D41}.DLL Universal Debug|Win32.Build.0 = DLL Universal Debug|Win32
		{1013E8D6-D725-433F-8E1C-3115FDB97D41}.DLL Universal Release|Win32.ActiveCfg = DLL Universal Release|Win32
		{1013E8D6-D725-433F-8E1C-3115FDB97D41}.DLL Universal Release|Win32.Build.0 = DLL Universal Release|Win32
		{1013E8D6-D725-433F-8E1C-3115FDB97D41}.DLL Universal Unicode Debug|Win32.ActiveCfg = DLL Universal Unicode Debug|Win32
		{1013E8D6-D725-433F-8E1C-3115FDB97D41}.DLL Universal Unicode Debug|Win32.Build.0 = DLL Universal Unicode Debug|Win32
		{1013E8D6-D725-433F-8E1C-3115FDB97D41}.DLL Universal Unicode Release|Win32.ActiveCfg = DLL Universal Unicode Release|Win32
		{1013E8D6-D725-433F-8E1C-3115FDB97D41}.DLL Universal Unicode Release|Win32.Build.0 = DLL Universal Unicode Release|Win32
		{1013E8D6-D725-433F-8E1C-3115FDB97D41}.Release|Win32.ActiveCfg = Release|Win32
		{1013E8D6-D725-433F-8E1C-3115FDB97D41}.Release|Win32.Build.0 = Release|Win32
		{1013E8D6-D725-433F-8E1C-3115FDB97D41}.Unicode Debug|Win32.ActiveCfg = Unicode Debug|Win32
		{1013E8D6-D725-433F-8E1C-3115FDB97D41}.Unicode Debug|Win32.Build.0 = Unicode Debug|Win32
		{1013E8D6-D725-433F-8E1C-3115FDB97D41}.Unicode Release|Win32.ActiveCfg = Unicode Release|Win32
		{1013E8D6-D725-433F-8E1C-3115FDB97D41}.Unicode Release|Win32.Build.0 = Unicode Release|Win32
		{1013E8D6-D725-433F-8E1C-3115FDB97D41}.Universal Debug|Win32.ActiveCfg = Universal Debug|Win32
		{1013E8D6-D725-433F-8E1C-3115FDB97D41}.Universal Debug|Win32.Build.0 = Universal Debug|Win32
		{1013E8D6-D725-433F-8E1C-3115FDB97D41}.Universal Release|Win32.ActiveCfg = Universal Release|Win32
		{1013E8D6-D725-433F-8E1C-3115FDB97D41}.Universal Release|Win32.Build.0 = Universal Release|Win32
		{1013E8D6-D725-433F-8E1C-3115FDB97D41}.Universal Unicode Debug|Win32.ActiveCfg = Universal Unicode Debug|Win32
		{1013E8D6-D725-433F-8E1C-3115FDB97D41}.Universal Unicode Debug|Win32.Build.0 = Universal Unicode Debug|Win32
		{1013E8D6-D725-433F-8E1C-3115FDB97D41}.Universal Unicode Release|Win32.ActiveCfg = Universal Unicode Release|Win32
		{1013E8D6-D725-433F-8E1C-3115FDB97D41}.Universal Unicode Release|Win32.Build.0 = Universal Unicode Release|Win32
		{F7C4FC21-D1A1-47E6-B605-F7A578643E07}.Debug|Win32.ActiveCfg = Debug|Win32
		{F7C4FC21-D1A1-47E6-B605-F7A578643E07}.Debug|Win32.Build.0 = Debug|Win32
		{F7C4FC21-D1A1-47E6-B605-F7A578643E07}.DLL Debug|Win32.ActiveCfg = DLL Debug|Win32
		{F7C4FC21-D1A1-47E6-B605-F7A578643E07}.DLL Debug|Win32.Build.0 = DLL Debug|Win32
		{F7C4FC21-D1A1-47E6-B605-F7A578643E07}.DLL Release|Win32.ActiveCfg = DLL Release|Win32
		{F7C4FC21-D1A1-47E6-B605-F7A578643E07}.DLL Release|Win32.Build.0 = DLL Release|Win32
		{F7C4FC21-D1A1-47E6-B605-F7A578643E07}.DLL Unicode Debug|Win32.ActiveCfg = DLL Unicode Debug|Win32
		{F7C4FC21-D1A1-47E6-B605-F7A578643E07}.DLL Unicode Debug|Win32.Build.0 = DLL Unicode Debug|Win32
		{F7C4FC21-D1A1-47E6-B605-F7A578643E07}.DLL Unicode Release|Win32.ActiveCfg = DLL Unicode Release|Win32
		{F7C4FC21-D1A1-47E6-B605-F7A578643E07}.DLL Unicode Release|Win32.Build.0 = DLL Unicode Release|Win32
		{F7C4FC21-D1A1-47E6-B605-F7A578643E07}.DLL Universal Debug|Win32.ActiveCfg = DLL Universal Debug|Win32
		{F7C4FC21-D1A1-47E6-B605-F7A578643E07}.DLL Universal Debug|Win32.Build.0 = DLL Universal Debug|Win32
		{F7C4FC21-D1A1-47E6-B605-F7A578643E07}.DLL Universal Release|Win32.ActiveCfg = DLL Universal Release|Win32
		{F7C4FC21-D1A1-47E6-B605-F7A578643E07}.DLL Universal Release|Win32.Build.0 = DLL Universal Release|Win32
		{F7C4FC21-D1A1-47E6-B605-F7A578643E07}.DLL Universal Unicode Debug|Win32.ActiveCfg = DLL Universal Unicode Debug|Win32
		{F7C4FC21-D1A1-47E6-B605-F7A578643E07}.DLL Universal Unicode Debug|Win32.Build.0 = DLL Universal Unicode Debug|Win32
		{F7C4FC21-D1A1-47E6-B605-F7A578643E07}.DLL Universal Unicode Release|Win32.ActiveCfg = DLL Universal Unicode Release|Win32
		{F7C4FC21-D1A1-47E6-B605-F7A578643E07}.DLL Universal Unicode Release|Win32.Build.0 = DLL Universal Unicode Release|Win32
		{F7C4FC21-D1A1-47E6-B605-F7A578643E07}.Release|Win32.ActiveCfg = Release|Win32
		{F7C4FC21-D1A1-47E6-B605-F7A578643E07}.Release|Win32.Build.0 = Release|Win32
		{F7C4FC21-D1A1-47E6-B605-F7A578643E07}.Unicode Debug|Win32.ActiveCfg = Unicode Debug|Win32
		{F7C4FC21-D1A1-47E6-B605-F7A578643E07}.Unicode Debug|Win32.Build.0 = Unicode Debug|Win32
		{F7C4FC21-D1A1-47E6-B605-F7A578643E07}.Unicode Release|Win32.ActiveCfg = Unicode Release|Win32
		{F7C4FC21-D1A1-47E6-B605-F7A578643E07}.Unicode Release|Win32.Build.0 = Unicode Release|Win32
		{F7C4FC21-D1A1-47E6-B605-F7A578643E07}.Universal Debug|Win32.ActiveCfg = Universal Debug|Win32
		{F7C4FC21-D1A1-47E6-B605-F7A578643E07}.Universal Debug|Win32.Build.0 = Universal Debug|Win32
		{F7C4FC21-D1A1-47E6-B605-F7A578643E07}.Universal Release|Win32.ActiveCfg = Universal Release|Win32
		{F7C4FC21-D1A1-47E6-B605-F7A578643E07}.Universal Release|Win32.Build.0 = Universal Release|Win32
		{F7C4FC21-D1A1-47E6-B605-F7A578643E07}.Universal Unicode Debug|Win32.ActiveCfg = Universal Unicode Debug|Win32
		{F7C4FC21-D1A1-47E6-B605-F7A578643E07}.Universal Unicode Debug|Win32.Build.0 = Universal Unicode Debug|Win32
		{F7C4FC21-D1A1-47E6-B605-F7A578643E07}.Universal Unicode Release|Win32.ActiveCfg = Universal Unicode Release|Win32
		{F7C4FC21-D1A1-47E6-B605-F7A578643E07}.Universal Unicode Release|Win32.Build.0 = Universal Unicode Release|Win32
		{94189885-AC98-4275-A8ED-A3BBE6576641}.Debug|Win32.ActiveCfg = Debug|Win32
		{94189885-AC98-4275-A8ED-A3BBE6576641}.Debug|Win32.Build.0 = Debug|Win32
		{94189885-AC98-4275-A8ED-A3BBE6576641}.DLL Debug|Win32.ActiveCfg = DLL Debug|Win32
		{94189885-AC98-4275-A8ED-A3BBE6576641}.DLL Debug|Win32.Build.0 = DLL Debug|Win32
		{94189885-AC98-4275-A8ED-A3BBE6576641}.DLL Release|Win32.ActiveCfg = DLL Release|Win32
		{94189885-AC98-4275-A8ED-A3BBE6576641}.DLL Release|Win32.Build.0 = DLL Release|Win32
		{94189885-AC98-4275-A8ED-A3BBE6576641}.DLL Unicode Debug|Win32.ActiveCfg = DLL Unicode Debug|Win32
		{94189885-AC98-4275-A8ED-A3BBE6576641}.DLL Unicode Debug|Win32.Build.0 = DLL Unicode Debug|Win32
		{94189885-AC98-4275-A8ED-A3BBE6576641}.DLL Unicode Release|Win32.ActiveCfg = DLL Unicode Release|Win32
		{94189885-AC98-4275-A8ED-A3BBE6576641}.DLL Unicode Release|Win32.Build.0 = DLL Unicode Release|Win32
		{94189885-AC98-4275-A8ED-A3BBE6576641}.DLL Universal Debug|Win32.ActiveCfg = DLL Universal Debug|Win32
		{94189885-AC98-4275-A8ED-A3BBE6576641}.DLL Universal Debug|Win32.Build.0 = DLL Universal Debug|Win32
		{94189885-AC98-4275-A8ED-A3BBE6576641}.DLL Universal Release|Win32.ActiveCfg = DLL Universal Release|Win32
		{94189885-AC98-4275-A8ED-A3BBE6576641}.DLL Universal Release|Win32.Build.0 = DLL Universal Release|Win32
		{94189885-AC98-4275-A8ED-A3BBE6576641}.DLL Universal Unicode Debug|Win32.ActiveCfg = DLL Universal Unicode Debug|Win32
		{94189885-AC98-4275-A8ED-A3BBE6576641}.DLL Universal Unicode Debug|Win32.Build.0 = DLL Universal Unicode Debug|Win32
		{94189885-AC98-4275-A8ED-A3BBE6576641}.DLL Universal Unicode Release|Win32.ActiveCfg = DLL Universal Unicode Release|Win32
		{94189885-AC98-4275-A8ED-A3BBE6576641}.DLL Universal Unicode Release|Win32.Build.0 = DLL Universal Unicode Release|Win32
		{94189885-AC98-4275-A8ED-A3BBE6576641}.Release|Win32.ActiveCfg = Release|Win32
		{94189885-AC98-4275-A8ED-A3BBE6576641}.Release|Win32.Build.0 = Release|Win32
		{94189885-AC98-4275-A8ED-A3BBE6576641}.Unicode Debug|Win32.ActiveCfg = Unicode Debug|Win32
		{94189885-AC98-4275-A8ED-A3BBE6576641}.Unicode Debug|Win32.Build.0 = Unicode Debug|Win32
		{94189885-AC98-4275-A8ED-A3BBE6576641}.Unicode Release|Win32.ActiveCfg = Unicode Release|Win32
		{94189885-AC98-4275-A8ED-A3BBE6576641}.Unicode Release|Win32.Build.0 = Unicode Release|Win32
		{94189885-AC98-4275-A8ED-A3BBE6576641}.Universal Debug|Win32.ActiveCfg = Universal Debug|Win32
		{94189885-AC98-4275-A8ED-A3BBE6576641}.Universal Debug|Win32.Build.0 = Universal Debug|Win32
		{94189885-AC98-4275-A8ED-A3BBE6576641}.Universal Release|Win32.ActiveCfg = Universal Release|Win32
		{94189885-AC98-4275-A8ED-A3BBE6576641}.Universal Release|Win32.Build.0 = Universal Release|Win32
		{94189885-AC98-4275-A8ED-A3BBE6576641}.Universal Unicode Debug|Win32.ActiveCfg = Universal Unicode Debug|Win32
		{94189885-AC98-4275-A8ED-A3BBE6576641}.Universal Unicode Debug|Win32.Build.0 = Universal Unicode Debug|Win32
		{94189885-AC98-4275-A8ED-A3BBE6576641}.Universal Unicode Release|Win32.ActiveCfg = Universal Unicode Release|Win32
		{94189885-AC98-4275-A8ED-A3BBE6576641}.Universal Unicode Release|Win32.Build.0 = Universal Unicode Release|Win32
		{D3675236-4222-46A4-9A8F-6D4629044F9E}.Debug|Win32.ActiveCfg = Debug|Win32
		{D3675236-4222-46A4-9A8F-6D4629044F9E}.Debug|Win32.Build.0 = Debug|Win32
		{D3675236-4222-46A4-9A8F-6D4629044F9E}.DLL Debug|Win32.ActiveCfg = DLL Debug|Win32
		{D3675236-4222-46A4-9A8F-6D4629044F9E}.DLL Debug|Win32.Build.0 = DLL Debug|Win32
		{D3675236-4222-46A4-9A8F-6D4629044F9E}.DLL Release|Win32.ActiveCfg = DLL Release|Win32
		{D3675236-4222-46A4-9A8F-6D4629044F9E}.DLL Release|Win32.Build.0 = DLL Release|Win32
		{D3675236-4222-46A4-9A8F-6D4629044F9E}.DLL Unicode Debug|Win32.ActiveCfg = DLL Unicode Debug|Win32
		{D3675236-4222-46A4-9A8F-6D4629044F9E}.DLL Unicode Debug|Win32.Build.0 = DLL Unicode Debug|Win32
		{D3675236-4222-46A4-9A8F-6D4629044F9E}.DLL Unicode Release|Win32.ActiveCfg = DLL Unicode Release|Win32
		{D3675236-4222-46A4-9A8F-6D4629044F9E}.DLL Unicode Release|Win32.Build.0 = DLL Unicode Release|Win32
		{D3675236-4222-46A4-9A8F-6D4629044F9E}.DLL Universal Debug|Win32.ActiveCfg = DLL Universal Debug|Win32
		{D3675236-4222-46A4-9A8F-6D4629044F9E}.DLL Universal Debug|Win32.Build.0 = DLL Universal Debug|Win32
		{D3675236-4222-46A4-9A8F-6D4629044F9E}.DLL Universal Release|Win32.ActiveCfg = DLL Universal Release|Win32
		{D3675236-4222-46A4-9A8F-6D4629044F9E}.DLL Universal Release|Win32.Build.0 = DLL Universal Release|Win32
		{D3675236-4222-46A4-9A8F-6D4629044F9E}.DLL Universal Unicode Debug|Win32.ActiveCfg = DLL Universal Unicode Debug|Win32
		{D3675236-4222-46A4-9A8F-6D4629044F9E}.DLL Universal Unicode Debug|Win32.Build.0 = DLL Universal Unicode Debug|Win32
		{D3675236-4222-46A4-9A8F-6D4629044F9E}.DLL Universal Unicode Release|Win32.ActiveCfg = DLL Universal Unicode Release|Win32
		{D3675236-4222-46A4-9A8F-6D4629044F9E}.DLL Universal Unicode Release|Win32.Build.0 = DLL Universal Unicode Release|Win32
		{D3675236-4222-46A4-9A8F-6D4629044F9E}.Release|Win32.ActiveCfg = Release|Win32
		{D3675236-4222-46A4-9A8F-6D4629044F9E}.Release|Win32.Build.0 = Release|Win32
		{D3675236-4222-46A4-9A8F-6D4629044F9E}.Unicode Debug|Win32.ActiveCfg = Unicode Debug|Win32
		{D3675236-4222-46A4-9A8F-6D4629044F9E}.Unicode Debug|Win32.Build.0 = Unicode Debug|Win32
		{D3675236-4222-46A4-9A8F-6D4629044F9E}.Unicode Release|Win32.ActiveCfg = Unicode Release|Win32
		{D3675236-4222-46A4-9A8F-6D4629044F9E}.Unicode Release|Win32.Build.0 = Unicode Release|Win32
		{D3675236-4222-46A4-9A8F-6D4629044F9E}.Universal Debug|Win32.ActiveCfg = Universal Debug|Win32
		{D3675236-4222-46A4-9A8F-6D4629044F9E}.Universal Debug|Win32.Build.0 = Universal Debug|Win32
		{D3675236-4222-46A4-9A8F-6D4629044F9E}.Universal Release|Win32.ActiveCfg = Universal Release|Win32
		{D3675236-4222-46A4-9A8F-6D4629044F9E}.Universal Release|Win32.Build.0 = Universal Release|Win32
		{D3675236-4222-46A4-9A8F-6D4629044F9E}.Universal Unicode Debug|Win32.ActiveCfg = Universal Unicode Debug|Win32
		{D3675236-4222-46A4-9A8F-6D4629044F9E}.Universal Unicode Debug|Win32.Build.0 = Universal Unicode Debug|Win32
		{D3675236-4222-46A4-9A8F-6D4629044F9E}.Universal Unicode Release|Win32.ActiveCfg = Universal Unicode Release|Win32
		{D3675236-4222-46A4-9A8F-6D4629044F9E}.Universal Unicode Release|Win32.Build.0 = Universal Unicode Release|Win32
	EndGlobalSection
	GlobalSection(SolutionProperties) = preSolution
		HideSolutionNode = FALSE
	EndGlobalSection
EndGlobal
